// !$*UTF8*$!
{
	archiveVersion = 1;
	classes = {
	};
	objectVersion = 77;
	objects = {

/* Begin PBXBuildFile section */
		01649DA229D4F9B920409CF5 /* CreatureTraits.swift in Sources */ = {isa = PBXBuildFile; fileRef = F308F3AB5ABAC31BC6DE4938 /* CreatureTraits.swift */; };
		01A65B5074EBFC458F077A59 /* VocabularyTests.swift in Sources */ = {isa = PBXBuildFile; fileRef = BD8610CC37F5AB36E0846FCD /* VocabularyTests.swift */; };
		01E64B915C4AC1BE0A72A935 /* ResearchViews.swift in Sources */ = {isa = PBXBuildFile; fileRef = 1E0CB601F15811CBB11B5B39 /* ResearchViews.swift */; };
		0290A7D4A5E8A5E8516E171E /* PersistenceTests.swift in Sources */ = {isa = PBXBuildFile; fileRef = 606F9667A67D771D03320DDA /* PersistenceTests.swift */; };
		030C56592AEBBE7776435964 /* BookRulesTests.swift in Sources */ = {isa = PBXBuildFile; fileRef = 7582647B2841DB69559E3968 /* BookRulesTests.swift */; };
		03705DB034E250EE8C9A5A0B /* AppRoute.swift in Sources */ = {isa = PBXBuildFile; fileRef = 867ADA7C98334AD5152A4937 /* AppRoute.swift */; };
		0463A21CD6D0C85974C64C81 /* RealityState.swift in Sources */ = {isa = PBXBuildFile; fileRef = CAAA1B171F7C380229C20CC5 /* RealityState.swift */; };
		04A394B9CE1582C902CDEFB2 /* CombatTreeView.swift in Sources */ = {isa = PBXBuildFile; fileRef = B213D165D2239B2A934DB263 /* CombatTreeView.swift */; };
		0573EFC73887107DB190A9DF /* StationViews.swift in Sources */ = {isa = PBXBuildFile; fileRef = 2C9C43310A7E6D0342B11251 /* StationViews.swift */; };
		09C34648DD52FD6A92404726 /* InstrumentCraftingTests.swift in Sources */ = {isa = PBXBuildFile; fileRef = 8B8A444C3FE08E6935849BA8 /* InstrumentCraftingTests.swift */; };
		0A77177F80047BBE6CD74591 /* skills.json in Resources */ = {isa = PBXBuildFile; fileRef = 2C4E5B7DC86948834FDAFFF9 /* skills.json */; };
		0D0B63ACE19B51E89D5321F8 /* TravellerModels.swift in Sources */ = {isa = PBXBuildFile; fileRef = 69C03E6819177D7EABE894A3 /* TravellerModels.swift */; };
		10EA98516A8B4CB4C9379D71 /* MinimapView.swift in Sources */ = {isa = PBXBuildFile; fileRef = D238962CB9F8B60B212D9473 /* MinimapView.swift */; };
		10FAF7D28B2984AD85FBEB44 /* LivingAnalysisView.swift in Sources */ = {isa = PBXBuildFile; fileRef = 9BE7FAE39BDF3B01C8F7B497 /* LivingAnalysisView.swift */; };
		11BD659A05151A43A4F78554 /* WorldTests.swift in Sources */ = {isa = PBXBuildFile; fileRef = 6430D823936296B085FA9EBA /* WorldTests.swift */; };
		12DA6127DA1CEF02D5108CE9 /* SiteRules.swift in Sources */ = {isa = PBXBuildFile; fileRef = D5A56C2CA4EF6B5366F86828 /* SiteRules.swift */; };
		15B201231C024A3C01DBA20A /* BookRules.swift in Sources */ = {isa = PBXBuildFile; fileRef = C3CC1BB415696E2B7417C43D /* BookRules.swift */; };
		19C9DFC5BC904175AC32B894 /* GameActions+Economy.swift in Sources */ = {isa = PBXBuildFile; fileRef = 224E1E95022E7547C70C35C2 /* GameActions+Economy.swift */; };
		1BDE5DBB7E79B5D05413B0FE /* pressure_sources.json in Resources */ = {isa = PBXBuildFile; fileRef = A29A4F3CFC9073B8F80064F4 /* pressure_sources.json */; };
		202BE6BB0588B2D4A952B195 /* DescriptionModels.swift in Sources */ = {isa = PBXBuildFile; fileRef = 0F66F95CC3FEA4D5E13AE410 /* DescriptionModels.swift */; };
		2133F8A2A985268991F782B5 /* TravellerMeetingView.swift in Sources */ = {isa = PBXBuildFile; fileRef = D08A668BC1215643DD63B178 /* TravellerMeetingView.swift */; };
		216755285A99AB45B7D20AC8 /* FirepitView.swift in Sources */ = {isa = PBXBuildFile; fileRef = E5F6F843AB65D2D26E6F5A56 /* FirepitView.swift */; };
		2228B642DF268D4AC3E4428C /* EncounterView.swift in Sources */ = {isa = PBXBuildFile; fileRef = BE933E91275B1FF990B69BAA /* EncounterView.swift */; };
		2591F7421F2C4F2789790209 /* RuneGlyph.swift in Sources */ = {isa = PBXBuildFile; fileRef = 14E466EEC3518F71FDD38EE9 /* RuneGlyph.swift */; };
		25C21801E523BEA88A932F39 /* CreatureIdentity.swift in Sources */ = {isa = PBXBuildFile; fileRef = 41571D49472E12EE120FF5A8 /* CreatureIdentity.swift */; };
		260B2ACBF0A66A2DBA4E1813 /* descriptions.json in Resources */ = {isa = PBXBuildFile; fileRef = 9F9F6F9740167F61E0AD0158 /* descriptions.json */; };
		2651CFD69611A045AB93B2C7 /* WorldConstraints.swift in Sources */ = {isa = PBXBuildFile; fileRef = 541026CEC51423252ED5FAFD /* WorldConstraints.swift */; };
		2849825A00283A75E65E3C88 /* SpilloverTests.swift in Sources */ = {isa = PBXBuildFile; fileRef = C110827C995BC018EA20B47F /* SpilloverTests.swift */; };
		28A3F307CF0659FDF0163BA9 /* ConsumableCraftingTests.swift in Sources */ = {isa = PBXBuildFile; fileRef = BDD17B2922EA6A0230E9DC64 /* ConsumableCraftingTests.swift */; };
		28C38A9B1F4133012F86F0AA /* pressure_targets.json in Resources */ = {isa = PBXBuildFile; fileRef = 26FE0502F98B3DB6A7BF0C87 /* pressure_targets.json */; };
		2977BFA154F4613F7B75EF67 /* BlacksmithView.swift in Sources */ = {isa = PBXBuildFile; fileRef = B9CABEB714204FCBDE32F8E4 /* BlacksmithView.swift */; };
		2AAA4E398F09BD29BAD7816B /* stations.json in Resources */ = {isa = PBXBuildFile; fileRef = 59F1E2A3A08364F9452A684F /* stations.json */; };
		2C0118338DCCD9231D0DE4D0 /* GambitEditorView.swift in Sources */ = {isa = PBXBuildFile; fileRef = 1EEBBF5F9C846FD07202D739 /* GambitEditorView.swift */; };
		3062AB49BB5A3BBCC3A396BD /* Combat.swift in Sources */ = {isa = PBXBuildFile; fileRef = 0BD3736ADDC83B6481EFAC9A /* Combat.swift */; };
		332407592859288828CA4B63 /* LibraryRules.swift in Sources */ = {isa = PBXBuildFile; fileRef = F1A0D044C45D04A1D2195A0F /* LibraryRules.swift */; };
		3333DDA45D780B04AC00F1C2 /* CombatTreeRules.swift in Sources */ = {isa = PBXBuildFile; fileRef = 72CF1DBF72334A81AE35B198 /* CombatTreeRules.swift */; };
		35A27AF646DD34DD1F8A9585 /* Gambit.swift in Sources */ = {isa = PBXBuildFile; fileRef = 79874A74B2CF52DA90868DA0 /* Gambit.swift */; };
		3939EA44678C9E3D7CE7FF86 /* GameActions.swift in Sources */ = {isa = PBXBuildFile; fileRef = 40DDEB42C7E2856E98352341 /* GameActions.swift */; };
		39EB7F728697D5247C1E39F2 /* PhysicalGearCraftingTests.swift in Sources */ = {isa = PBXBuildFile; fileRef = A01228DC87E3A479A661D525 /* PhysicalGearCraftingTests.swift */; };
		3A849B10B8A116F089F9D49C /* ApexTests.swift in Sources */ = {isa = PBXBuildFile; fileRef = CA9D12FE35D80EBAAD321DB4 /* ApexTests.swift */; };
		3C489CD6B833D6CBC9F6DD43 /* Materials.swift in Sources */ = {isa = PBXBuildFile; fileRef = AAF377477B4C3C3D11698D3F /* Materials.swift */; };
		3C4C4E838448237D91492B61 /* CharacterRules.swift in Sources */ = {isa = PBXBuildFile; fileRef = 5AB1CD7D6C91CDD187B2410F /* CharacterRules.swift */; };
		3E24E2D2D2BEAD60ADE93D0A /* WritingDeskView.swift in Sources */ = {isa = PBXBuildFile; fileRef = C82ADF2ABC4F75679DADCCBB /* WritingDeskView.swift */; };
		3F566ECFBA89D9C89BF6CD76 /* BestiaryView.swift in Sources */ = {isa = PBXBuildFile; fileRef = 2C2AEBC30A9B7C63053F8A0F /* BestiaryView.swift */; };
		3F6C7DB75723783F90E7E5F8 /* WorldsState.swift in Sources */ = {isa = PBXBuildFile; fileRef = 4FF0BDCB9C9FD9D726EB1BA9 /* WorldsState.swift */; };
		3FD60BA9683F245EBFA14D61 /* SpendingViews.swift in Sources */ = {isa = PBXBuildFile; fileRef = 03BEF52A08A939AAFB2CF800 /* SpendingViews.swift */; };
		40CDA99CD7F4DFF60EC0EBBB /* SiteModels.swift in Sources */ = {isa = PBXBuildFile; fileRef = A4DA32364644741F03829592 /* SiteModels.swift */; };
		418BB336925FB2B4F0A0BD1C /* InstrumentCraftingRules.swift in Sources */ = {isa = PBXBuildFile; fileRef = 637E2762C9738BB22D883D75 /* InstrumentCraftingRules.swift */; };
		4282AFE6E27E4C97C0EEAEAA /* DangerTests.swift in Sources */ = {isa = PBXBuildFile; fileRef = 1824E6BFD5550AACCB6416A5 /* DangerTests.swift */; };
		4419D5E216F811B6E590C273 /* Naming.swift in Sources */ = {isa = PBXBuildFile; fileRef = A501ADE475726C1A73D812A2 /* Naming.swift */; };
		45B359C084C6F5A35C69529A /* TutorialTests.swift in Sources */ = {isa = PBXBuildFile; fileRef = 0DA805AE9804EFB6621B7166 /* TutorialTests.swift */; };
		4961D037BE2924DF53722EA8 /* save-pre-sites-2026-08-04.json in Resources */ = {isa = PBXBuildFile; fileRef = 061FE2BB0FA59B8824641746 /* save-pre-sites-2026-08-04.json */; };
		4A0672467AD72629AC2ABD2F /* Inventory.swift in Sources */ = {isa = PBXBuildFile; fileRef = 5F756C7CBAE86A8565FB12DD /* Inventory.swift */; };
		4ACDDD4EBDA5E3DA0229186A /* InstrumentTests.swift in Sources */ = {isa = PBXBuildFile; fileRef = 782AA9BD3C2F5ECE4D38436E /* InstrumentTests.swift */; };
		4C60516FFB5892091CBE28AC /* research.json in Resources */ = {isa = PBXBuildFile; fileRef = 6A1D054604B637EEC90D24DA /* research.json */; };
		4DEB17BC13834B4612226A7B /* HarnessActions.swift in Sources */ = {isa = PBXBuildFile; fileRef = 248394713D4F19F950F25B92 /* HarnessActions.swift */; };
		4DF0996EC98043C87E142EDA /* TutorialCard.swift in Sources */ = {isa = PBXBuildFile; fileRef = F04D876D78710D8DC1CAB2BE /* TutorialCard.swift */; };
		4EC3BC573F0634FE82377139 /* ResearchTreeLayout.swift in Sources */ = {isa = PBXBuildFile; fileRef = 56CE9E9A2ED4242F8C480AEF /* ResearchTreeLayout.swift */; };
		4F7559D592DAED143B8AEF88 /* GearAndRulesTests.swift in Sources */ = {isa = PBXBuildFile; fileRef = C09AD15A5BFBBBD300176004 /* GearAndRulesTests.swift */; };
		4FD1E53B0D4C2E67BB48FEE9 /* contradictions.json in Resources */ = {isa = PBXBuildFile; fileRef = 9C7793CAA2915E078E230E6D /* contradictions.json */; };
		51771CB66B64C405544B0B87 /* ResearchModels.swift in Sources */ = {isa = PBXBuildFile; fileRef = CCE50821478C20EB43E2E3C4 /* ResearchModels.swift */; };
		52A3E7BA47AED80B02C9FFDA /* BestiaryTests.swift in Sources */ = {isa = PBXBuildFile; fileRef = 74D9F704438225E8CFD8268D /* BestiaryTests.swift */; };
		52C1E5841A22ED23AA8245DF /* Tuning.swift in Sources */ = {isa = PBXBuildFile; fileRef = 644939D61FCF530C40392FCC /* Tuning.swift */; };
		54180CF9C6CE41FEA6C57B60 /* ContradictionRules.swift in Sources */ = {isa = PBXBuildFile; fileRef = 92B2180E4666F5000817D3EC /* ContradictionRules.swift */; };
		56C2C67D2033B74FFD18EE24 /* Worldgen.swift in Sources */ = {isa = PBXBuildFile; fileRef = 8946B89F914D32DABAC53D5A /* Worldgen.swift */; };
		583140A5C38A586267218BC1 /* combat_trees.json in Resources */ = {isa = PBXBuildFile; fileRef = FD2CA32A5090B2067ABD22C0 /* combat_trees.json */; };
		5B91181B627494D599038230 /* constellation.json in Resources */ = {isa = PBXBuildFile; fileRef = DD0C594698AE7E6D06191449 /* constellation.json */; };
		5BA053D5F38A0AE4F9E782C3 /* SiteTests.swift in Sources */ = {isa = PBXBuildFile; fileRef = E1BB569F0B672F268545701C /* SiteTests.swift */; };
		5BAABA4D069D949BB71CA216 /* WorldRules.swift in Sources */ = {isa = PBXBuildFile; fileRef = 8DB361F4E36998C9A7F31A44 /* WorldRules.swift */; };
		5C566924739958DDBD8FBFF9 /* StationStaffingTests.swift in Sources */ = {isa = PBXBuildFile; fileRef = A994CD6D435E84CB0C58E988 /* StationStaffingTests.swift */; };
		5DEF7F6C69BC916C96535B2D /* TerrainTests.swift in Sources */ = {isa = PBXBuildFile; fileRef = F7E8A2DF6BF1E7AB1B5B574C /* TerrainTests.swift */; };
		601014E078036FCE48CDAF06 /* BaseState.swift in Sources */ = {isa = PBXBuildFile; fileRef = B664EB59C95581C3098E542B /* BaseState.swift */; };
		635C2692AD380102590270C3 /* WorldView.swift in Sources */ = {isa = PBXBuildFile; fileRef = D9311ACC91B2E555993A3297 /* WorldView.swift */; };
		66727C83C77239282A12ADBC /* WorldScaleAndNightTests.swift in Sources */ = {isa = PBXBuildFile; fileRef = 9A91FFF6BF680BAFC6742249 /* WorldScaleAndNightTests.swift */; };
		6755D6482AEAD387A810DBBD /* PressuresDriveGenerationTests.swift in Sources */ = {isa = PBXBuildFile; fileRef = B23878A2219B30C376009246 /* PressuresDriveGenerationTests.swift */; };
		69FCE6C7088A60DA6EF29039 /* LivingAnalysisRules.swift in Sources */ = {isa = PBXBuildFile; fileRef = 2EADA515B59EC9ABA10B19F9 /* LivingAnalysisRules.swift */; };
		6C90C6B086284BE1533023D2 /* TerrainRules.swift in Sources */ = {isa = PBXBuildFile; fileRef = 1FD618ABD859C8D8097F3DC0 /* TerrainRules.swift */; };
		6D8D7D57D683FAA42DFD1B9F /* DescriptionTests.swift in Sources */ = {isa = PBXBuildFile; fileRef = D3EB5122AA82F1610E51A10F /* DescriptionTests.swift */; };
		6FDB8C79745125AEC66E0C4C /* BaseView.swift in Sources */ = {isa = PBXBuildFile; fileRef = 346EEEC616B8EBFE291C4A79 /* BaseView.swift */; };
		7334C8A4D81258A4C7FA0885 /* SeededRNG.swift in Sources */ = {isa = PBXBuildFile; fileRef = 7294A9FAF1EE19D44BD7C56D /* SeededRNG.swift */; };
		7345ED98F77854AE5C6FFB34 /* EconomyTests.swift in Sources */ = {isa = PBXBuildFile; fileRef = 6782235BDB0189FF9A0FFE41 /* EconomyTests.swift */; };
		758EC3D9F7314C4018C089B9 /* SettingsView.swift in Sources */ = {isa = PBXBuildFile; fileRef = 8FC5961B006C6E0FA2B8EDBC /* SettingsView.swift */; };
		76925351AE69BDEB01BA072D /* ArmouryTests.swift in Sources */ = {isa = PBXBuildFile; fileRef = 29C0E5CEA72598582B970714 /* ArmouryTests.swift */; };
		776E19C048AB14D539E2ABC3 /* BookProjection.swift in Sources */ = {isa = PBXBuildFile; fileRef = B022088C9636578892397C50 /* BookProjection.swift */; };
		7C72DAD4C55C0D916064E912 /* ContradictionTests.swift in Sources */ = {isa = PBXBuildFile; fileRef = F43DADDF1091E89318A12B0D /* ContradictionTests.swift */; };
		7E1510A232B5B85DC5990C3F /* ResourceSpreadTests.swift in Sources */ = {isa = PBXBuildFile; fileRef = E615DD7D8BEAA7A4E5EB939E /* ResourceSpreadTests.swift */; };
		804C3EA48958EDEA3E234F95 /* ExclusivityTests.swift in Sources */ = {isa = PBXBuildFile; fileRef = 961E1AC7BEB7E7C4C243CAD1 /* ExclusivityTests.swift */; };
		859010F2D3881FC03F57205F /* ContentCatalog.swift in Sources */ = {isa = PBXBuildFile; fileRef = D12B3DBAA05B509156F44C42 /* ContentCatalog.swift */; };
		867F278950814C3D859CEAFD /* ContentTests.swift in Sources */ = {isa = PBXBuildFile; fileRef = 7691C0625AD4AACD2BA46A20 /* ContentTests.swift */; };
		8725C08D01F1574C306CFC5D /* resources.json in Resources */ = {isa = PBXBuildFile; fileRef = 0486776A4EED6E508F843FB3 /* resources.json */; };
		87DF0AB9EB7842560291C8A3 /* PressureModels.swift in Sources */ = {isa = PBXBuildFile; fileRef = 7042744B96D260184BBE32F3 /* PressureModels.swift */; };
		88FE2CE83B5A38BE19B335BF /* DescriptionRules.swift in Sources */ = {isa = PBXBuildFile; fileRef = 92E6DEE432F7A225C5C28D6E /* DescriptionRules.swift */; };
		88FF4649E14551AB79BE82CB /* WorldDescriptionPanel.swift in Sources */ = {isa = PBXBuildFile; fileRef = 0212875D2B95EA338E16F0B2 /* WorldDescriptionPanel.swift */; };
		890774F4FCDF3A9DAE6BEFDD /* BookbinderApp.swift in Sources */ = {isa = PBXBuildFile; fileRef = 76338986776C016E4422759E /* BookbinderApp.swift */; };
		893B4E338D412AE9D298E4A4 /* GameActions+Combat.swift in Sources */ = {isa = PBXBuildFile; fileRef = 3464FCF84292D7835460EDEE /* GameActions+Combat.swift */; };
		8C88D2C21DA68452155D8172 /* rune_shapes.json in Resources */ = {isa = PBXBuildFile; fileRef = 68BD0EED52655859C21A0136 /* rune_shapes.json */; };
		8D526864C54EBC0CB6BDC575 /* RootView.swift in Sources */ = {isa = PBXBuildFile; fileRef = 1F045A414F1C1CF9A9A916BB /* RootView.swift */; };
		8E1AFCB6CD0FBDD0EA84B800 /* ArmouryRules.swift in Sources */ = {isa = PBXBuildFile; fileRef = CAAE51E0323DDA3AA3015D22 /* ArmouryRules.swift */; };
		8F6B0EF541120D379B1FD06B /* BestiaryRules.swift in Sources */ = {isa = PBXBuildFile; fileRef = A588AFCFC47B584CE07F3B4E /* BestiaryRules.swift */; };
		91761E73D4647CB7D2741D93 /* FloraTests.swift in Sources */ = {isa = PBXBuildFile; fileRef = DB87254230F32E20320932D7 /* FloraTests.swift */; };
		94381815D9D6D36F24168B83 /* symbols.json in Resources */ = {isa = PBXBuildFile; fileRef = A4270CCCF203CAA8859A086B /* symbols.json */; };
		95D1663E471A6098FA803AA9 /* ApexRules.swift in Sources */ = {isa = PBXBuildFile; fileRef = B8E261DE325914CF72D32BD5 /* ApexRules.swift */; };
		983452CD1EE2126ECB5B1973 /* HarnessView.swift in Sources */ = {isa = PBXBuildFile; fileRef = 6638830B7B5223E3065252FC /* HarnessView.swift */; };
		9CB21084FFC26A6CCB93F47E /* CombatTreeTests.swift in Sources */ = {isa = PBXBuildFile; fileRef = E50FD84F29FE6729623D70EB /* CombatTreeTests.swift */; };
		9ED1CF08BE9C9FCEE89BFAB9 /* TutorialRules.swift in Sources */ = {isa = PBXBuildFile; fileRef = DB0490C36229CF9D49D6695F /* TutorialRules.swift */; };
		9F43622A2E66874204BCCDC7 /* NamingTests.swift in Sources */ = {isa = PBXBuildFile; fileRef = D56058E017000066A61CD5F0 /* NamingTests.swift */; };
		9F5DC7673BF8A93B1EF8ED6B /* WorldHistoryView.swift in Sources */ = {isa = PBXBuildFile; fileRef = A51F4BCA8A3D72D7B108E2E1 /* WorldHistoryView.swift */; };
		A0E08F8449F633B86AA0FF7A /* DistilleryRules.swift in Sources */ = {isa = PBXBuildFile; fileRef = 2735185C6352AE1A8F71DD42 /* DistilleryRules.swift */; };
		A30BFB516414E49CB79270EF /* Migrations.swift in Sources */ = {isa = PBXBuildFile; fileRef = 9142092437E5652D87187DF8 /* Migrations.swift */; };
		A6C910C0BD0B249F3AE3B0AE /* QualifierModels.swift in Sources */ = {isa = PBXBuildFile; fileRef = EFEB95F304073E45D3BB22FB /* QualifierModels.swift */; };
		A7B958AF227E4AD7A6E2E900 /* PageGridView.swift in Sources */ = {isa = PBXBuildFile; fileRef = 39D5618B6B6F36DB62CD836B /* PageGridView.swift */; };
		A81656D157A597344E823340 /* GrammarTests.swift in Sources */ = {isa = PBXBuildFile; fileRef = BDFAE95092D158944E000B02 /* GrammarTests.swift */; };
		A901EE2297DFB40E48663457 /* Theme.swift in Sources */ = {isa = PBXBuildFile; fileRef = CFFBF656255758DFA8E45232 /* Theme.swift */; };
		A94D38590FAA36B2D274214B /* LifeTests.swift in Sources */ = {isa = PBXBuildFile; fileRef = 7A7229E243E5EB4700C03C4A /* LifeTests.swift */; };
		AA467E2DFFB389EFACA3B124 /* sites.json in Resources */ = {isa = PBXBuildFile; fileRef = 77957A7595BE1E25AC8CF406 /* sites.json */; };
		AAFAB01A37942E4A425FE909 /* LibraryView.swift in Sources */ = {isa = PBXBuildFile; fileRef = 2CBCB8652F20B361959F9B5C /* LibraryView.swift */; };
		AC3C0F06CB2BD3D9A9917BA1 /* PageTests.swift in Sources */ = {isa = PBXBuildFile; fileRef = FF7811775C7058B692E07EB1 /* PageTests.swift */; };
		AC84C9DF64921B883263CEA5 /* PressureTests.swift in Sources */ = {isa = PBXBuildFile; fileRef = 64F1E5BF56652C658BFF5484 /* PressureTests.swift */; };
		AD06A15C582B042710CEED9F /* GameStore.swift in Sources */ = {isa = PBXBuildFile; fileRef = 86093A93DD9720F92E4148D5 /* GameStore.swift */; };
		AEBED915A9156084389B1BD6 /* LifeRules.swift in Sources */ = {isa = PBXBuildFile; fileRef = AE4002533174316FAE3274D6 /* LifeRules.swift */; };
		B3127BCE033E785E4B3EA912 /* Page.swift in Sources */ = {isa = PBXBuildFile; fileRef = B543B94C8E89980FDE029D9C /* Page.swift */; };
		B4A71AFB4A613C6430C0F185 /* StationStaffingRules.swift in Sources */ = {isa = PBXBuildFile; fileRef = AF13E2576281E76FA92CD685 /* StationStaffingRules.swift */; };
		B711CA1EAFFCEBB62204C170 /* PhysicalGearCraftingRules.swift in Sources */ = {isa = PBXBuildFile; fileRef = E3EDB1BAC65E07DA7319F3C6 /* PhysicalGearCraftingRules.swift */; };
		BCB44A183A64B987C97BC1EA /* MaterialTests.swift in Sources */ = {isa = PBXBuildFile; fileRef = E14C42A31CF4E0C858F212BF /* MaterialTests.swift */; };
		BE5D3BC36C9F1D8030CFEE81 /* CombatRules.swift in Sources */ = {isa = PBXBuildFile; fileRef = 99D023496EC834EA78E9BE63 /* CombatRules.swift */; };
		BFB3CF53CC01D5CED466B0C9 /* GameState.swift in Sources */ = {isa = PBXBuildFile; fileRef = 04E110F7C0AF0739241A8F94 /* GameState.swift */; };
		C0DF70F3E5A568FA53603AE1 /* ApothecaryView.swift in Sources */ = {isa = PBXBuildFile; fileRef = 4FEC07E6110ABED3DA33EA3B /* ApothecaryView.swift */; };
		C709E6D127F96D2420ADBC5C /* creatures.json in Resources */ = {isa = PBXBuildFile; fileRef = 5FD331CEC89F930A1F99C13B /* creatures.json */; };
		C70E08A04DE0584580A4800F /* WeaponsmithTests.swift in Sources */ = {isa = PBXBuildFile; fileRef = 0EF2B3DBADEF32F2DE2B00DE /* WeaponsmithTests.swift */; };
		C7B3F65E25299A2524857544 /* SmithRules.swift in Sources */ = {isa = PBXBuildFile; fileRef = BDFF9A08573788622472DB26 /* SmithRules.swift */; };
		C8B16AD5D3CDC5B67BE7E320 /* qualifiers.json in Resources */ = {isa = PBXBuildFile; fileRef = 283E3D55623002C01AF8AF98 /* qualifiers.json */; };
		C9ED9DB51CD49A2457B00B7D /* ButcheryRules.swift in Sources */ = {isa = PBXBuildFile; fileRef = DD1FD369C1CCCC28B0A42FC7 /* ButcheryRules.swift */; };
		CC74E6778320FB4F70CFDB3F /* PressureRules.swift in Sources */ = {isa = PBXBuildFile; fileRef = CB3C5DA8117A704E44B23C91 /* PressureRules.swift */; };
		CD009883298233F654EE899C /* Discovery.swift in Sources */ = {isa = PBXBuildFile; fileRef = 8ADC03C0E941B354BFE2EF65 /* Discovery.swift */; };
		CD6AF5617D9100E2DC8A1302 /* FloraTraits.swift in Sources */ = {isa = PBXBuildFile; fileRef = B4E29CCF27C6C3CDFCED5311 /* FloraTraits.swift */; };
		CF22F5AA092E017612B1124E /* LootDecisionView.swift in Sources */ = {isa = PBXBuildFile; fileRef = CD5B65B248A4645C422FEA0D /* LootDecisionView.swift */; };
		CFFD06DFE407E96C28AB6464 /* travellers.json in Resources */ = {isa = PBXBuildFile; fileRef = 5D960FCB6727D86D57A82BF4 /* travellers.json */; };
		D469496DC882C482CB83E721 /* WorldMap.swift in Sources */ = {isa = PBXBuildFile; fileRef = 7B20DAF90C2684826A3C3F21 /* WorldMap.swift */; };
		D4DE88F2BA8D93E6307B66A6 /* GameActions+World.swift in Sources */ = {isa = PBXBuildFile; fileRef = 1AE0FA07FD91558E2F953944 /* GameActions+World.swift */; };
		D70BCC3356D30C3EC0FFA587 /* StackingTests.swift in Sources */ = {isa = PBXBuildFile; fileRef = 75F880A764AED5BABB194953 /* StackingTests.swift */; };
		D80F4645CCFCE0956CFBB33B /* ReachableContentTests.swift in Sources */ = {isa = PBXBuildFile; fileRef = E87D049B2DF2A90A21B3729E /* ReachableContentTests.swift */; };
		D92638E617D1112D35CB91FE /* FloraIdentity.swift in Sources */ = {isa = PBXBuildFile; fileRef = FC12BB34DF703B3AFF600656 /* FloraIdentity.swift */; };
		D9F83617E1060D93E281682F /* EconomyRules.swift in Sources */ = {isa = PBXBuildFile; fileRef = 4461FC8AD054E8E6E494602B /* EconomyRules.swift */; };
		DB65DB08F102D87DE2D51956 /* Sigil.swift in Sources */ = {isa = PBXBuildFile; fileRef = 3358F9F069CEED67DA33294D /* Sigil.swift */; };
		DDBFEBACC92B746BC023CF6D /* items.json in Resources */ = {isa = PBXBuildFile; fileRef = 89776C411F7BC83CF86396E9 /* items.json */; };
		DEB5615945275C75236426AD /* LibraryTests.swift in Sources */ = {isa = PBXBuildFile; fileRef = 80DFFB14B396FE04A7C03E01 /* LibraryTests.swift */; };
		DFD7015BF47869ECBCD4BD4B /* ConsumableCraftingRules.swift in Sources */ = {isa = PBXBuildFile; fileRef = 51B3BDF8FB0EE8418DD8EC80 /* ConsumableCraftingRules.swift */; };
		E03430D101A162FC1F36A8B1 /* ContradictionModels.swift in Sources */ = {isa = PBXBuildFile; fileRef = 2227C9E0E4E333249CF7FEFA /* ContradictionModels.swift */; };
		E0B21F8C88F40A6B7F9E8212 /* GambitEngine.swift in Sources */ = {isa = PBXBuildFile; fileRef = F978ADFABDF1296849D8F5AB /* GambitEngine.swift */; };
		E0C67C543BF911F3F58A0C80 /* CombatTreeModels.swift in Sources */ = {isa = PBXBuildFile; fileRef = 4924ECCC22AE9125898B039F /* CombatTreeModels.swift */; };
		E412FF242D7E09BD9DBB75E8 /* gambit_components.json in Resources */ = {isa = PBXBuildFile; fileRef = 6AE18B24DF2998D5D65F61D0 /* gambit_components.json */; };
		E7C947F1BFF84DDAE9B61761 /* PreviewPanel.swift in Sources */ = {isa = PBXBuildFile; fileRef = 36DEAE589721D10BEDE5AEC8 /* PreviewPanel.swift */; };
		E90526D391BEDFC1166DCE96 /* Identifiers.swift in Sources */ = {isa = PBXBuildFile; fileRef = E19DC1448710810CD318671E /* Identifiers.swift */; };
		EAB84410DBECDF38B16E452B /* GearView.swift in Sources */ = {isa = PBXBuildFile; fileRef = F1B71324BA8EC6B7B6732500 /* GearView.swift */; };
		EB5A7F017737E52E163C9A5C /* CombatTests.swift in Sources */ = {isa = PBXBuildFile; fileRef = F395689728B586E0D0A7CD61 /* CombatTests.swift */; };
		EBC7C77E4438C75730F0DCCA /* Character.swift in Sources */ = {isa = PBXBuildFile; fileRef = 9DB4AFF044956272A3767B70 /* Character.swift */; };
		EC72C457E782ECD4C84D0AD5 /* FloraRules.swift in Sources */ = {isa = PBXBuildFile; fileRef = AF9F316970B5ECF902615BC3 /* FloraRules.swift */; };
		EDF26461D4FD581D2BCFBB0A /* DeterminismTests.swift in Sources */ = {isa = PBXBuildFile; fileRef = C51FE4FBAB98280181089C56 /* DeterminismTests.swift */; };
		EE5BFC9FE59245B9FD396EDB /* GearMigrationTests.swift in Sources */ = {isa = PBXBuildFile; fileRef = 6A76948555AB0C3BF0F480FF /* GearMigrationTests.swift */; };
		EFB68320FEF123CBC8309B55 /* RuleBuilderView.swift in Sources */ = {isa = PBXBuildFile; fileRef = D5930D2370BEDE3BBE896275 /* RuleBuilderView.swift */; };
		F1FD0C88EB8BB5568F3725C3 /* PartyRosterView.swift in Sources */ = {isa = PBXBuildFile; fileRef = 3B6F502E8B3B230294A2874A /* PartyRosterView.swift */; };
		F3BBDF3F527FAD220FA4F5D8 /* Library.swift in Sources */ = {isa = PBXBuildFile; fileRef = 504332712854230587940F0A /* Library.swift */; };
		F6AE3DF4E00E397B950A1CBC /* ChasmTests.swift in Sources */ = {isa = PBXBuildFile; fileRef = 53634CFCB3CD23CDD115C001 /* ChasmTests.swift */; };
		F6BFEA449969C175D779E930 /* TutorialState.swift in Sources */ = {isa = PBXBuildFile; fileRef = C90EDFFDB627C51117ADED0E /* TutorialState.swift */; };
		F6E366378F5921F9B9EFF410 /* SmithTests.swift in Sources */ = {isa = PBXBuildFile; fileRef = FB6C54531684DE111C33038A /* SmithTests.swift */; };
		F9A1322571DBD99F4BF908CB /* ContentModels.swift in Sources */ = {isa = PBXBuildFile; fileRef = C5B08032B70636FB2D70EFD6 /* ContentModels.swift */; };
		F9A397FEF26E5A194578909E /* PageRules.swift in Sources */ = {isa = PBXBuildFile; fileRef = D2AAB75EDFEC0064219E57D4 /* PageRules.swift */; };
		FAEB06BFBE5764791F188FF3 /* SaveFileIO.swift in Sources */ = {isa = PBXBuildFile; fileRef = AE7F491C849679A2428073CA /* SaveFileIO.swift */; };
		FD37C3AEB89A41F874759D37 /* SaveToleranceTests.swift in Sources */ = {isa = PBXBuildFile; fileRef = 83F481D57E05D77B109D44FC /* SaveToleranceTests.swift */; };
/* End PBXBuildFile section */

/* Begin PBXContainerItemProxy section */
		AFED8584D562A77304F539C7 /* PBXContainerItemProxy */ = {
			isa = PBXContainerItemProxy;
			containerPortal = 113BE4D4962AE50D53EE734C /* Project object */;
			proxyType = 1;
			remoteGlobalIDString = CF0593DC0240C3C51FDC7CAE;
			remoteInfo = Bookbinder;
		};
/* End PBXContainerItemProxy section */

/* Begin PBXFileReference section */
		0212875D2B95EA338E16F0B2 /* WorldDescriptionPanel.swift */ = {isa = PBXFileReference; lastKnownFileType = sourcecode.swift; path = WorldDescriptionPanel.swift; sourceTree = "<group>"; };
		03BEF52A08A939AAFB2CF800 /* SpendingViews.swift */ = {isa = PBXFileReference; lastKnownFileType = sourcecode.swift; path = SpendingViews.swift; sourceTree = "<group>"; };
		0486776A4EED6E508F843FB3 /* resources.json */ = {isa = PBXFileReference; lastKnownFileType = text.json; path = resources.json; sourceTree = "<group>"; };
		04E110F7C0AF0739241A8F94 /* GameState.swift */ = {isa = PBXFileReference; lastKnownFileType = sourcecode.swift; path = GameState.swift; sourceTree = "<group>"; };
		061FE2BB0FA59B8824641746 /* save-pre-sites-2026-08-04.json */ = {isa = PBXFileReference; lastKnownFileType = text.json; path = "save-pre-sites-2026-08-04.json"; sourceTree = "<group>"; };
		0BD3736ADDC83B6481EFAC9A /* Combat.swift */ = {isa = PBXFileReference; lastKnownFileType = sourcecode.swift; path = Combat.swift; sourceTree = "<group>"; };
		0DA805AE9804EFB6621B7166 /* TutorialTests.swift */ = {isa = PBXFileReference; lastKnownFileType = sourcecode.swift; path = TutorialTests.swift; sourceTree = "<group>"; };
		0EF2B3DBADEF32F2DE2B00DE /* WeaponsmithTests.swift */ = {isa = PBXFileReference; lastKnownFileType = sourcecode.swift; path = WeaponsmithTests.swift; sourceTree = "<group>"; };
		0F66F95CC3FEA4D5E13AE410 /* DescriptionModels.swift */ = {isa = PBXFileReference; lastKnownFileType = sourcecode.swift; path = DescriptionModels.swift; sourceTree = "<group>"; };
		14E466EEC3518F71FDD38EE9 /* RuneGlyph.swift */ = {isa = PBXFileReference; lastKnownFileType = sourcecode.swift; path = RuneGlyph.swift; sourceTree = "<group>"; };
		1824E6BFD5550AACCB6416A5 /* DangerTests.swift */ = {isa = PBXFileReference; lastKnownFileType = sourcecode.swift; path = DangerTests.swift; sourceTree = "<group>"; };
		1AE0FA07FD91558E2F953944 /* GameActions+World.swift */ = {isa = PBXFileReference; lastKnownFileType = sourcecode.swift; path = "GameActions+World.swift"; sourceTree = "<group>"; };
		1E0CB601F15811CBB11B5B39 /* ResearchViews.swift */ = {isa = PBXFileReference; lastKnownFileType = sourcecode.swift; path = ResearchViews.swift; sourceTree = "<group>"; };
		1EEBBF5F9C846FD07202D739 /* GambitEditorView.swift */ = {isa = PBXFileReference; lastKnownFileType = sourcecode.swift; path = GambitEditorView.swift; sourceTree = "<group>"; };
		1F045A414F1C1CF9A9A916BB /* RootView.swift */ = {isa = PBXFileReference; lastKnownFileType = sourcecode.swift; path = RootView.swift; sourceTree = "<group>"; };
		1FD618ABD859C8D8097F3DC0 /* TerrainRules.swift */ = {isa = PBXFileReference; lastKnownFileType = sourcecode.swift; path = TerrainRules.swift; sourceTree = "<group>"; };
		2227C9E0E4E333249CF7FEFA /* ContradictionModels.swift */ = {isa = PBXFileReference; lastKnownFileType = sourcecode.swift; path = ContradictionModels.swift; sourceTree = "<group>"; };
		224E1E95022E7547C70C35C2 /* GameActions+Economy.swift */ = {isa = PBXFileReference; lastKnownFileType = sourcecode.swift; path = "GameActions+Economy.swift"; sourceTree = "<group>"; };
		248394713D4F19F950F25B92 /* HarnessActions.swift */ = {isa = PBXFileReference; lastKnownFileType = sourcecode.swift; path = HarnessActions.swift; sourceTree = "<group>"; };
		26FE0502F98B3DB6A7BF0C87 /* pressure_targets.json */ = {isa = PBXFileReference; lastKnownFileType = text.json; path = pressure_targets.json; sourceTree = "<group>"; };
		2735185C6352AE1A8F71DD42 /* DistilleryRules.swift */ = {isa = PBXFileReference; lastKnownFileType = sourcecode.swift; path = DistilleryRules.swift; sourceTree = "<group>"; };
		283E3D55623002C01AF8AF98 /* qualifiers.json */ = {isa = PBXFileReference; lastKnownFileType = text.json; path = qualifiers.json; sourceTree = "<group>"; };
		29C0E5CEA72598582B970714 /* ArmouryTests.swift */ = {isa = PBXFileReference; lastKnownFileType = sourcecode.swift; path = ArmouryTests.swift; sourceTree = "<group>"; };
		2C2AEBC30A9B7C63053F8A0F /* BestiaryView.swift */ = {isa = PBXFileReference; lastKnownFileType = sourcecode.swift; path = BestiaryView.swift; sourceTree = "<group>"; };
		2C4E5B7DC86948834FDAFFF9 /* skills.json */ = {isa = PBXFileReference; lastKnownFileType = text.json; path = skills.json; sourceTree = "<group>"; };
		2C9C43310A7E6D0342B11251 /* StationViews.swift */ = {isa = PBXFileReference; lastKnownFileType = sourcecode.swift; path = StationViews.swift; sourceTree = "<group>"; };
		2CBCB8652F20B361959F9B5C /* LibraryView.swift */ = {isa = PBXFileReference; lastKnownFileType = sourcecode.swift; path = LibraryView.swift; sourceTree = "<group>"; };
		2EADA515B59EC9ABA10B19F9 /* LivingAnalysisRules.swift */ = {isa = PBXFileReference; lastKnownFileType = sourcecode.swift; path = LivingAnalysisRules.swift; sourceTree = "<group>"; };
		3358F9F069CEED67DA33294D /* Sigil.swift */ = {isa = PBXFileReference; lastKnownFileType = sourcecode.swift; path = Sigil.swift; sourceTree = "<group>"; };
		3464FCF84292D7835460EDEE /* GameActions+Combat.swift */ = {isa = PBXFileReference; lastKnownFileType = sourcecode.swift; path = "GameActions+Combat.swift"; sourceTree = "<group>"; };
		346EEEC616B8EBFE291C4A79 /* BaseView.swift */ = {isa = PBXFileReference; lastKnownFileType = sourcecode.swift; path = BaseView.swift; sourceTree = "<group>"; };
		36DEAE589721D10BEDE5AEC8 /* PreviewPanel.swift */ = {isa = PBXFileReference; lastKnownFileType = sourcecode.swift; path = PreviewPanel.swift; sourceTree = "<group>"; };
		39D5618B6B6F36DB62CD836B /* PageGridView.swift */ = {isa = PBXFileReference; lastKnownFileType = sourcecode.swift; path = PageGridView.swift; sourceTree = "<group>"; };
		3B6F502E8B3B230294A2874A /* PartyRosterView.swift */ = {isa = PBXFileReference; lastKnownFileType = sourcecode.swift; path = PartyRosterView.swift; sourceTree = "<group>"; };
		3CD59EA0991C7AFB32B3129C /* BookbinderTests.xctest */ = {isa = PBXFileReference; includeInIndex = 0; lastKnownFileType = wrapper.cfbundle; path = BookbinderTests.xctest; sourceTree = BUILT_PRODUCTS_DIR; };
		40DDEB42C7E2856E98352341 /* GameActions.swift */ = {isa = PBXFileReference; lastKnownFileType = sourcecode.swift; path = GameActions.swift; sourceTree = "<group>"; };
		41571D49472E12EE120FF5A8 /* CreatureIdentity.swift */ = {isa = PBXFileReference; lastKnownFileType = sourcecode.swift; path = CreatureIdentity.swift; sourceTree = "<group>"; };
		433D570D177BA9841C75DCF9 /* Bookbinder.app */ = {isa = PBXFileReference; includeInIndex = 0; lastKnownFileType = wrapper.application; path = Bookbinder.app; sourceTree = BUILT_PRODUCTS_DIR; };
		4461FC8AD054E8E6E494602B /* EconomyRules.swift */ = {isa = PBXFileReference; lastKnownFileType = sourcecode.swift; path = EconomyRules.swift; sourceTree = "<group>"; };
		4924ECCC22AE9125898B039F /* CombatTreeModels.swift */ = {isa = PBXFileReference; lastKnownFileType = sourcecode.swift; path = CombatTreeModels.swift; sourceTree = "<group>"; };
		4FEC07E6110ABED3DA33EA3B /* ApothecaryView.swift */ = {isa = PBXFileReference; lastKnownFileType = sourcecode.swift; path = ApothecaryView.swift; sourceTree = "<group>"; };
		4FF0BDCB9C9FD9D726EB1BA9 /* WorldsState.swift */ = {isa = PBXFileReference; lastKnownFileType = sourcecode.swift; path = WorldsState.swift; sourceTree = "<group>"; };
		504332712854230587940F0A /* Library.swift */ = {isa = PBXFileReference; lastKnownFileType = sourcecode.swift; path = Library.swift; sourceTree = "<group>"; };
		51B3BDF8FB0EE8418DD8EC80 /* ConsumableCraftingRules.swift */ = {isa = PBXFileReference; lastKnownFileType = sourcecode.swift; path = ConsumableCraftingRules.swift; sourceTree = "<group>"; };
		53634CFCB3CD23CDD115C001 /* ChasmTests.swift */ = {isa = PBXFileReference; lastKnownFileType = sourcecode.swift; path = ChasmTests.swift; sourceTree = "<group>"; };
		541026CEC51423252ED5FAFD /* WorldConstraints.swift */ = {isa = PBXFileReference; lastKnownFileType = sourcecode.swift; path = WorldConstraints.swift; sourceTree = "<group>"; };
		56CE9E9A2ED4242F8C480AEF /* ResearchTreeLayout.swift */ = {isa = PBXFileReference; lastKnownFileType = sourcecode.swift; path = ResearchTreeLayout.swift; sourceTree = "<group>"; };
		59F1E2A3A08364F9452A684F /* stations.json */ = {isa = PBXFileReference; lastKnownFileType = text.json; path = stations.json; sourceTree = "<group>"; };
		5AB1CD7D6C91CDD187B2410F /* CharacterRules.swift */ = {isa = PBXFileReference; lastKnownFileType = sourcecode.swift; path = CharacterRules.swift; sourceTree = "<group>"; };
		5D960FCB6727D86D57A82BF4 /* travellers.json */ = {isa = PBXFileReference; lastKnownFileType = text.json; path = travellers.json; sourceTree = "<group>"; };
		5F756C7CBAE86A8565FB12DD /* Inventory.swift */ = {isa = PBXFileReference; lastKnownFileType = sourcecode.swift; path = Inventory.swift; sourceTree = "<group>"; };
		5FD331CEC89F930A1F99C13B /* creatures.json */ = {isa = PBXFileReference; lastKnownFileType = text.json; path = creatures.json; sourceTree = "<group>"; };
		606F9667A67D771D03320DDA /* PersistenceTests.swift */ = {isa = PBXFileReference; lastKnownFileType = sourcecode.swift; path = PersistenceTests.swift; sourceTree = "<group>"; };
		637E2762C9738BB22D883D75 /* InstrumentCraftingRules.swift */ = {isa = PBXFileReference; lastKnownFileType = sourcecode.swift; path = InstrumentCraftingRules.swift; sourceTree = "<group>"; };
		6430D823936296B085FA9EBA /* WorldTests.swift */ = {isa = PBXFileReference; lastKnownFileType = sourcecode.swift; path = WorldTests.swift; sourceTree = "<group>"; };
		644939D61FCF530C40392FCC /* Tuning.swift */ = {isa = PBXFileReference; lastKnownFileType = sourcecode.swift; path = Tuning.swift; sourceTree = "<group>"; };
		64F1E5BF56652C658BFF5484 /* PressureTests.swift */ = {isa = PBXFileReference; lastKnownFileType = sourcecode.swift; path = PressureTests.swift; sourceTree = "<group>"; };
		6638830B7B5223E3065252FC /* HarnessView.swift */ = {isa = PBXFileReference; lastKnownFileType = sourcecode.swift; path = HarnessView.swift; sourceTree = "<group>"; };
		6782235BDB0189FF9A0FFE41 /* EconomyTests.swift */ = {isa = PBXFileReference; lastKnownFileType = sourcecode.swift; path = EconomyTests.swift; sourceTree = "<group>"; };
		68BD0EED52655859C21A0136 /* rune_shapes.json */ = {isa = PBXFileReference; lastKnownFileType = text.json; path = rune_shapes.json; sourceTree = "<group>"; };
		69C03E6819177D7EABE894A3 /* TravellerModels.swift */ = {isa = PBXFileReference; lastKnownFileType = sourcecode.swift; path = TravellerModels.swift; sourceTree = "<group>"; };
		6A1D054604B637EEC90D24DA /* research.json */ = {isa = PBXFileReference; lastKnownFileType = text.json; path = research.json; sourceTree = "<group>"; };
		6A76948555AB0C3BF0F480FF /* GearMigrationTests.swift */ = {isa = PBXFileReference; lastKnownFileType = sourcecode.swift; path = GearMigrationTests.swift; sourceTree = "<group>"; };
		6AE18B24DF2998D5D65F61D0 /* gambit_components.json */ = {isa = PBXFileReference; lastKnownFileType = text.json; path = gambit_components.json; sourceTree = "<group>"; };
		7042744B96D260184BBE32F3 /* PressureModels.swift */ = {isa = PBXFileReference; lastKnownFileType = sourcecode.swift; path = PressureModels.swift; sourceTree = "<group>"; };
		7294A9FAF1EE19D44BD7C56D /* SeededRNG.swift */ = {isa = PBXFileReference; lastKnownFileType = sourcecode.swift; path = SeededRNG.swift; sourceTree = "<group>"; };
		72CF1DBF72334A81AE35B198 /* CombatTreeRules.swift */ = {isa = PBXFileReference; lastKnownFileType = sourcecode.swift; path = CombatTreeRules.swift; sourceTree = "<group>"; };
		74D9F704438225E8CFD8268D /* BestiaryTests.swift */ = {isa = PBXFileReference; lastKnownFileType = sourcecode.swift; path = BestiaryTests.swift; sourceTree = "<group>"; };
		7582647B2841DB69559E3968 /* BookRulesTests.swift */ = {isa = PBXFileReference; lastKnownFileType = sourcecode.swift; path = BookRulesTests.swift; sourceTree = "<group>"; };
		75F880A764AED5BABB194953 /* StackingTests.swift */ = {isa = PBXFileReference; lastKnownFileType = sourcecode.swift; path = StackingTests.swift; sourceTree = "<group>"; };
		76338986776C016E4422759E /* BookbinderApp.swift */ = {isa = PBXFileReference; lastKnownFileType = sourcecode.swift; path = BookbinderApp.swift; sourceTree = "<group>"; };
		7691C0625AD4AACD2BA46A20 /* ContentTests.swift */ = {isa = PBXFileReference; lastKnownFileType = sourcecode.swift; path = ContentTests.swift; sourceTree = "<group>"; };
		77957A7595BE1E25AC8CF406 /* sites.json */ = {isa = PBXFileReference; lastKnownFileType = text.json; path = sites.json; sourceTree = "<group>"; };
		782AA9BD3C2F5ECE4D38436E /* InstrumentTests.swift */ = {isa = PBXFileReference; lastKnownFileType = sourcecode.swift; path = InstrumentTests.swift; sourceTree = "<group>"; };
		79874A74B2CF52DA90868DA0 /* Gambit.swift */ = {isa = PBXFileReference; lastKnownFileType = sourcecode.swift; path = Gambit.swift; sourceTree = "<group>"; };
		7A7229E243E5EB4700C03C4A /* LifeTests.swift */ = {isa = PBXFileReference; lastKnownFileType = sourcecode.swift; path = LifeTests.swift; sourceTree = "<group>"; };
		7B20DAF90C2684826A3C3F21 /* WorldMap.swift */ = {isa = PBXFileReference; lastKnownFileType = sourcecode.swift; path = WorldMap.swift; sourceTree = "<group>"; };
		80DFFB14B396FE04A7C03E01 /* LibraryTests.swift */ = {isa = PBXFileReference; lastKnownFileType = sourcecode.swift; path = LibraryTests.swift; sourceTree = "<group>"; };
		83F481D57E05D77B109D44FC /* SaveToleranceTests.swift */ = {isa = PBXFileReference; lastKnownFileType = sourcecode.swift; path = SaveToleranceTests.swift; sourceTree = "<group>"; };
		86093A93DD9720F92E4148D5 /* GameStore.swift */ = {isa = PBXFileReference; lastKnownFileType = sourcecode.swift; path = GameStore.swift; sourceTree = "<group>"; };
		867ADA7C98334AD5152A4937 /* AppRoute.swift */ = {isa = PBXFileReference; lastKnownFileType = sourcecode.swift; path = AppRoute.swift; sourceTree = "<group>"; };
		8946B89F914D32DABAC53D5A /* Worldgen.swift */ = {isa = PBXFileReference; lastKnownFileType = sourcecode.swift; path = Worldgen.swift; sourceTree = "<group>"; };
		89776C411F7BC83CF86396E9 /* items.json */ = {isa = PBXFileReference; lastKnownFileType = text.json; path = items.json; sourceTree = "<group>"; };
		8ADC03C0E941B354BFE2EF65 /* Discovery.swift */ = {isa = PBXFileReference; lastKnownFileType = sourcecode.swift; path = Discovery.swift; sourceTree = "<group>"; };
		8B8A444C3FE08E6935849BA8 /* InstrumentCraftingTests.swift */ = {isa = PBXFileReference; lastKnownFileType = sourcecode.swift; path = InstrumentCraftingTests.swift; sourceTree = "<group>"; };
		8DB361F4E36998C9A7F31A44 /* WorldRules.swift */ = {isa = PBXFileReference; lastKnownFileType = sourcecode.swift; path = WorldRules.swift; sourceTree = "<group>"; };
		8FC5961B006C6E0FA2B8EDBC /* SettingsView.swift */ = {isa = PBXFileReference; lastKnownFileType = sourcecode.swift; path = SettingsView.swift; sourceTree = "<group>"; };
		9142092437E5652D87187DF8 /* Migrations.swift */ = {isa = PBXFileReference; lastKnownFileType = sourcecode.swift; path = Migrations.swift; sourceTree = "<group>"; };
		92B2180E4666F5000817D3EC /* ContradictionRules.swift */ = {isa = PBXFileReference; lastKnownFileType = sourcecode.swift; path = ContradictionRules.swift; sourceTree = "<group>"; };
		92E6DEE432F7A225C5C28D6E /* DescriptionRules.swift */ = {isa = PBXFileReference; lastKnownFileType = sourcecode.swift; path = DescriptionRules.swift; sourceTree = "<group>"; };
		961E1AC7BEB7E7C4C243CAD1 /* ExclusivityTests.swift */ = {isa = PBXFileReference; lastKnownFileType = sourcecode.swift; path = ExclusivityTests.swift; sourceTree = "<group>"; };
		99D023496EC834EA78E9BE63 /* CombatRules.swift */ = {isa = PBXFileReference; lastKnownFileType = sourcecode.swift; path = CombatRules.swift; sourceTree = "<group>"; };
		9A91FFF6BF680BAFC6742249 /* WorldScaleAndNightTests.swift */ = {isa = PBXFileReference; lastKnownFileType = sourcecode.swift; path = WorldScaleAndNightTests.swift; sourceTree = "<group>"; };
		9BE7FAE39BDF3B01C8F7B497 /* LivingAnalysisView.swift */ = {isa = PBXFileReference; lastKnownFileType = sourcecode.swift; path = LivingAnalysisView.swift; sourceTree = "<group>"; };
		9C7793CAA2915E078E230E6D /* contradictions.json */ = {isa = PBXFileReference; lastKnownFileType = text.json; path = contradictions.json; sourceTree = "<group>"; };
		9DB4AFF044956272A3767B70 /* Character.swift */ = {isa = PBXFileReference; lastKnownFileType = sourcecode.swift; path = Character.swift; sourceTree = "<group>"; };
		9F9F6F9740167F61E0AD0158 /* descriptions.json */ = {isa = PBXFileReference; lastKnownFileType = text.json; path = descriptions.json; sourceTree = "<group>"; };
		A01228DC87E3A479A661D525 /* PhysicalGearCraftingTests.swift */ = {isa = PBXFileReference; lastKnownFileType = sourcecode.swift; path = PhysicalGearCraftingTests.swift; sourceTree = "<group>"; };
		A29A4F3CFC9073B8F80064F4 /* pressure_sources.json */ = {isa = PBXFileReference; lastKnownFileType = text.json; path = pressure_sources.json; sourceTree = "<group>"; };
		A4270CCCF203CAA8859A086B /* symbols.json */ = {isa = PBXFileReference; lastKnownFileType = text.json; path = symbols.json; sourceTree = "<group>"; };
		A4DA32364644741F03829592 /* SiteModels.swift */ = {isa = PBXFileReference; lastKnownFileType = sourcecode.swift; path = SiteModels.swift; sourceTree = "<group>"; };
		A501ADE475726C1A73D812A2 /* Naming.swift */ = {isa = PBXFileReference; lastKnownFileType = sourcecode.swift; path = Naming.swift; sourceTree = "<group>"; };
		A51F4BCA8A3D72D7B108E2E1 /* WorldHistoryView.swift */ = {isa = PBXFileReference; lastKnownFileType = sourcecode.swift; path = WorldHistoryView.swift; sourceTree = "<group>"; };
		A588AFCFC47B584CE07F3B4E /* BestiaryRules.swift */ = {isa = PBXFileReference; lastKnownFileType = sourcecode.swift; path = BestiaryRules.swift; sourceTree = "<group>"; };
		A994CD6D435E84CB0C58E988 /* StationStaffingTests.swift */ = {isa = PBXFileReference; lastKnownFileType = sourcecode.swift; path = StationStaffingTests.swift; sourceTree = "<group>"; };
		AAF377477B4C3C3D11698D3F /* Materials.swift */ = {isa = PBXFileReference; lastKnownFileType = sourcecode.swift; path = Materials.swift; sourceTree = "<group>"; };
		AE4002533174316FAE3274D6 /* LifeRules.swift */ = {isa = PBXFileReference; lastKnownFileType = sourcecode.swift; path = LifeRules.swift; sourceTree = "<group>"; };
		AE7F491C849679A2428073CA /* SaveFileIO.swift */ = {isa = PBXFileReference; lastKnownFileType = sourcecode.swift; path = SaveFileIO.swift; sourceTree = "<group>"; };
		AF13E2576281E76FA92CD685 /* StationStaffingRules.swift */ = {isa = PBXFileReference; lastKnownFileType = sourcecode.swift; path = StationStaffingRules.swift; sourceTree = "<group>"; };
		AF9F316970B5ECF902615BC3 /* FloraRules.swift */ = {isa = PBXFileReference; lastKnownFileType = sourcecode.swift; path = FloraRules.swift; sourceTree = "<group>"; };
		B022088C9636578892397C50 /* BookProjection.swift */ = {isa = PBXFileReference; lastKnownFileType = sourcecode.swift; path = BookProjection.swift; sourceTree = "<group>"; };
		B213D165D2239B2A934DB263 /* CombatTreeView.swift */ = {isa = PBXFileReference; lastKnownFileType = sourcecode.swift; path = CombatTreeView.swift; sourceTree = "<group>"; };
		B23878A2219B30C376009246 /* PressuresDriveGenerationTests.swift */ = {isa = PBXFileReference; lastKnownFileType = sourcecode.swift; path = PressuresDriveGenerationTests.swift; sourceTree = "<group>"; };
		B4E29CCF27C6C3CDFCED5311 /* FloraTraits.swift */ = {isa = PBXFileReference; lastKnownFileType = sourcecode.swift; path = FloraTraits.swift; sourceTree = "<group>"; };
		B543B94C8E89980FDE029D9C /* Page.swift */ = {isa = PBXFileReference; lastKnownFileType = sourcecode.swift; path = Page.swift; sourceTree = "<group>"; };
		B664EB59C95581C3098E542B /* BaseState.swift */ = {isa = PBXFileReference; lastKnownFileType = sourcecode.swift; path = BaseState.swift; sourceTree = "<group>"; };
		B8E261DE325914CF72D32BD5 /* ApexRules.swift */ = {isa = PBXFileReference; lastKnownFileType = sourcecode.swift; path = ApexRules.swift; sourceTree = "<group>"; };
		B9CABEB714204FCBDE32F8E4 /* BlacksmithView.swift */ = {isa = PBXFileReference; lastKnownFileType = sourcecode.swift; path = BlacksmithView.swift; sourceTree = "<group>"; };
		BD8610CC37F5AB36E0846FCD /* VocabularyTests.swift */ = {isa = PBXFileReference; lastKnownFileType = sourcecode.swift; path = VocabularyTests.swift; sourceTree = "<group>"; };
		BDD17B2922EA6A0230E9DC64 /* ConsumableCraftingTests.swift */ = {isa = PBXFileReference; lastKnownFileType = sourcecode.swift; path = ConsumableCraftingTests.swift; sourceTree = "<group>"; };
		BDFAE95092D158944E000B02 /* GrammarTests.swift */ = {isa = PBXFileReference; lastKnownFileType = sourcecode.swift; path = GrammarTests.swift; sourceTree = "<group>"; };
		BDFF9A08573788622472DB26 /* SmithRules.swift */ = {isa = PBXFileReference; lastKnownFileType = sourcecode.swift; path = SmithRules.swift; sourceTree = "<group>"; };
		BE933E91275B1FF990B69BAA /* EncounterView.swift */ = {isa = PBXFileReference; lastKnownFileType = sourcecode.swift; path = EncounterView.swift; sourceTree = "<group>"; };
		C09AD15A5BFBBBD300176004 /* GearAndRulesTests.swift */ = {isa = PBXFileReference; lastKnownFileType = sourcecode.swift; path = GearAndRulesTests.swift; sourceTree = "<group>"; };
		C110827C995BC018EA20B47F /* SpilloverTests.swift */ = {isa = PBXFileReference; lastKnownFileType = sourcecode.swift; path = SpilloverTests.swift; sourceTree = "<group>"; };
		C3CC1BB415696E2B7417C43D /* BookRules.swift */ = {isa = PBXFileReference; lastKnownFileType = sourcecode.swift; path = BookRules.swift; sourceTree = "<group>"; };
		C51FE4FBAB98280181089C56 /* DeterminismTests.swift */ = {isa = PBXFileReference; lastKnownFileType = sourcecode.swift; path = DeterminismTests.swift; sourceTree = "<group>"; };
		C5B08032B70636FB2D70EFD6 /* ContentModels.swift */ = {isa = PBXFileReference; lastKnownFileType = sourcecode.swift; path = ContentModels.swift; sourceTree = "<group>"; };
		C82ADF2ABC4F75679DADCCBB /* WritingDeskView.swift */ = {isa = PBXFileReference; lastKnownFileType = sourcecode.swift; path = WritingDeskView.swift; sourceTree = "<group>"; };
		C90EDFFDB627C51117ADED0E /* TutorialState.swift */ = {isa = PBXFileReference; lastKnownFileType = sourcecode.swift; path = TutorialState.swift; sourceTree = "<group>"; };
		CA9D12FE35D80EBAAD321DB4 /* ApexTests.swift */ = {isa = PBXFileReference; lastKnownFileType = sourcecode.swift; path = ApexTests.swift; sourceTree = "<group>"; };
		CAAA1B171F7C380229C20CC5 /* RealityState.swift */ = {isa = PBXFileReference; lastKnownFileType = sourcecode.swift; path = RealityState.swift; sourceTree = "<group>"; };
		CAAE51E0323DDA3AA3015D22 /* ArmouryRules.swift */ = {isa = PBXFileReference; lastKnownFileType = sourcecode.swift; path = ArmouryRules.swift; sourceTree = "<group>"; };
		CB3C5DA8117A704E44B23C91 /* PressureRules.swift */ = {isa = PBXFileReference; lastKnownFileType = sourcecode.swift; path = PressureRules.swift; sourceTree = "<group>"; };
		CCE50821478C20EB43E2E3C4 /* ResearchModels.swift */ = {isa = PBXFileReference; lastKnownFileType = sourcecode.swift; path = ResearchModels.swift; sourceTree = "<group>"; };
		CD5B65B248A4645C422FEA0D /* LootDecisionView.swift */ = {isa = PBXFileReference; lastKnownFileType = sourcecode.swift; path = LootDecisionView.swift; sourceTree = "<group>"; };
		CFFBF656255758DFA8E45232 /* Theme.swift */ = {isa = PBXFileReference; lastKnownFileType = sourcecode.swift; path = Theme.swift; sourceTree = "<group>"; };
		D08A668BC1215643DD63B178 /* TravellerMeetingView.swift */ = {isa = PBXFileReference; lastKnownFileType = sourcecode.swift; path = TravellerMeetingView.swift; sourceTree = "<group>"; };
		D12B3DBAA05B509156F44C42 /* ContentCatalog.swift */ = {isa = PBXFileReference; lastKnownFileType = sourcecode.swift; path = ContentCatalog.swift; sourceTree = "<group>"; };
		D238962CB9F8B60B212D9473 /* MinimapView.swift */ = {isa = PBXFileReference; lastKnownFileType = sourcecode.swift; path = MinimapView.swift; sourceTree = "<group>"; };
		D2AAB75EDFEC0064219E57D4 /* PageRules.swift */ = {isa = PBXFileReference; lastKnownFileType = sourcecode.swift; path = PageRules.swift; sourceTree = "<group>"; };
		D3EB5122AA82F1610E51A10F /* DescriptionTests.swift */ = {isa = PBXFileReference; lastKnownFileType = sourcecode.swift; path = DescriptionTests.swift; sourceTree = "<group>"; };
		D56058E017000066A61CD5F0 /* NamingTests.swift */ = {isa = PBXFileReference; lastKnownFileType = sourcecode.swift; path = NamingTests.swift; sourceTree = "<group>"; };
		D5930D2370BEDE3BBE896275 /* RuleBuilderView.swift */ = {isa = PBXFileReference; lastKnownFileType = sourcecode.swift; path = RuleBuilderView.swift; sourceTree = "<group>"; };
		D5A56C2CA4EF6B5366F86828 /* SiteRules.swift */ = {isa = PBXFileReference; lastKnownFileType = sourcecode.swift; path = SiteRules.swift; sourceTree = "<group>"; };
		D9311ACC91B2E555993A3297 /* WorldView.swift */ = {isa = PBXFileReference; lastKnownFileType = sourcecode.swift; path = WorldView.swift; sourceTree = "<group>"; };
		DB0490C36229CF9D49D6695F /* TutorialRules.swift */ = {isa = PBXFileReference; lastKnownFileType = sourcecode.swift; path = TutorialRules.swift; sourceTree = "<group>"; };
		DB87254230F32E20320932D7 /* FloraTests.swift */ = {isa = PBXFileReference; lastKnownFileType = sourcecode.swift; path = FloraTests.swift; sourceTree = "<group>"; };
		DD0C594698AE7E6D06191449 /* constellation.json */ = {isa = PBXFileReference; lastKnownFileType = text.json; path = constellation.json; sourceTree = "<group>"; };
		DD1FD369C1CCCC28B0A42FC7 /* ButcheryRules.swift */ = {isa = PBXFileReference; lastKnownFileType = sourcecode.swift; path = ButcheryRules.swift; sourceTree = "<group>"; };
		E14C42A31CF4E0C858F212BF /* MaterialTests.swift */ = {isa = PBXFileReference; lastKnownFileType = sourcecode.swift; path = MaterialTests.swift; sourceTree = "<group>"; };
		E19DC1448710810CD318671E /* Identifiers.swift */ = {isa = PBXFileReference; lastKnownFileType = sourcecode.swift; path = Identifiers.swift; sourceTree = "<group>"; };
		E1BB569F0B672F268545701C /* SiteTests.swift */ = {isa = PBXFileReference; lastKnownFileType = sourcecode.swift; path = SiteTests.swift; sourceTree = "<group>"; };
		E3EDB1BAC65E07DA7319F3C6 /* PhysicalGearCraftingRules.swift */ = {isa = PBXFileReference; lastKnownFileType = sourcecode.swift; path = PhysicalGearCraftingRules.swift; sourceTree = "<group>"; };
		E50FD84F29FE6729623D70EB /* CombatTreeTests.swift */ = {isa = PBXFileReference; lastKnownFileType = sourcecode.swift; path = CombatTreeTests.swift; sourceTree = "<group>"; };
		E5F6F843AB65D2D26E6F5A56 /* FirepitView.swift */ = {isa = PBXFileReference; lastKnownFileType = sourcecode.swift; path = FirepitView.swift; sourceTree = "<group>"; };
		E615DD7D8BEAA7A4E5EB939E /* ResourceSpreadTests.swift */ = {isa = PBXFileReference; lastKnownFileType = sourcecode.swift; path = ResourceSpreadTests.swift; sourceTree = "<group>"; };
		E87D049B2DF2A90A21B3729E /* ReachableContentTests.swift */ = {isa = PBXFileReference; lastKnownFileType = sourcecode.swift; path = ReachableContentTests.swift; sourceTree = "<group>"; };
		EFEB95F304073E45D3BB22FB /* QualifierModels.swift */ = {isa = PBXFileReference; lastKnownFileType = sourcecode.swift; path = QualifierModels.swift; sourceTree = "<group>"; };
		F04D876D78710D8DC1CAB2BE /* TutorialCard.swift */ = {isa = PBXFileReference; lastKnownFileType = sourcecode.swift; path = TutorialCard.swift; sourceTree = "<group>"; };
		F1A0D044C45D04A1D2195A0F /* LibraryRules.swift */ = {isa = PBXFileReference; lastKnownFileType = sourcecode.swift; path = LibraryRules.swift; sourceTree = "<group>"; };
		F1B71324BA8EC6B7B6732500 /* GearView.swift */ = {isa = PBXFileReference; lastKnownFileType = sourcecode.swift; path = GearView.swift; sourceTree = "<group>"; };
		F308F3AB5ABAC31BC6DE4938 /* CreatureTraits.swift */ = {isa = PBXFileReference; lastKnownFileType = sourcecode.swift; path = CreatureTraits.swift; sourceTree = "<group>"; };
		F395689728B586E0D0A7CD61 /* CombatTests.swift */ = {isa = PBXFileReference; lastKnownFileType = sourcecode.swift; path = CombatTests.swift; sourceTree = "<group>"; };
		F43DADDF1091E89318A12B0D /* ContradictionTests.swift */ = {isa = PBXFileReference; lastKnownFileType = sourcecode.swift; path = ContradictionTests.swift; sourceTree = "<group>"; };
		F7E8A2DF6BF1E7AB1B5B574C /* TerrainTests.swift */ = {isa = PBXFileReference; lastKnownFileType = sourcecode.swift; path = TerrainTests.swift; sourceTree = "<group>"; };
		F978ADFABDF1296849D8F5AB /* GambitEngine.swift */ = {isa = PBXFileReference; lastKnownFileType = sourcecode.swift; path = GambitEngine.swift; sourceTree = "<group>"; };
		FB6C54531684DE111C33038A /* SmithTests.swift */ = {isa = PBXFileReference; lastKnownFileType = sourcecode.swift; path = SmithTests.swift; sourceTree = "<group>"; };
		FBE911A8A2C4D05D38EF6192 /* Signing.xcconfig */ = {isa = PBXFileReference; lastKnownFileType = text.xcconfig; path = Signing.xcconfig; sourceTree = "<group>"; };
		FC12BB34DF703B3AFF600656 /* FloraIdentity.swift */ = {isa = PBXFileReference; lastKnownFileType = sourcecode.swift; path = FloraIdentity.swift; sourceTree = "<group>"; };
		FD2CA32A5090B2067ABD22C0 /* combat_trees.json */ = {isa = PBXFileReference; lastKnownFileType = text.json; path = combat_trees.json; sourceTree = "<group>"; };
		FF7811775C7058B692E07EB1 /* PageTests.swift */ = {isa = PBXFileReference; lastKnownFileType = sourcecode.swift; path = PageTests.swift; sourceTree = "<group>"; };
/* End PBXFileReference section */

/* Begin PBXGroup section */
		01DD7C9C85D04883D2042EFF /* Fixtures */ = {
			isa = PBXGroup;
			children = (
				061FE2BB0FA59B8824641746 /* save-pre-sites-2026-08-04.json */,
			);
			path = Fixtures;
			sourceTree = "<group>";
		};
		21AAB30585002EFE1DBBC7F6 /* Rules */ = {
			isa = PBXGroup;
			children = (
				B8E261DE325914CF72D32BD5 /* ApexRules.swift */,
				CAAE51E0323DDA3AA3015D22 /* ArmouryRules.swift */,
				A588AFCFC47B584CE07F3B4E /* BestiaryRules.swift */,
				B022088C9636578892397C50 /* BookProjection.swift */,
				C3CC1BB415696E2B7417C43D /* BookRules.swift */,
				DD1FD369C1CCCC28B0A42FC7 /* ButcheryRules.swift */,
				5AB1CD7D6C91CDD187B2410F /* CharacterRules.swift */,
				99D023496EC834EA78E9BE63 /* CombatRules.swift */,
				72CF1DBF72334A81AE35B198 /* CombatTreeRules.swift */,
				51B3BDF8FB0EE8418DD8EC80 /* ConsumableCraftingRules.swift */,
				92B2180E4666F5000817D3EC /* ContradictionRules.swift */,
				92E6DEE432F7A225C5C28D6E /* DescriptionRules.swift */,
				2735185C6352AE1A8F71DD42 /* DistilleryRules.swift */,
				4461FC8AD054E8E6E494602B /* EconomyRules.swift */,
				AF9F316970B5ECF902615BC3 /* FloraRules.swift */,
				F978ADFABDF1296849D8F5AB /* GambitEngine.swift */,
				40DDEB42C7E2856E98352341 /* GameActions.swift */,
				3464FCF84292D7835460EDEE /* GameActions+Combat.swift */,
				224E1E95022E7547C70C35C2 /* GameActions+Economy.swift */,
				1AE0FA07FD91558E2F953944 /* GameActions+World.swift */,
				637E2762C9738BB22D883D75 /* InstrumentCraftingRules.swift */,
				F1A0D044C45D04A1D2195A0F /* LibraryRules.swift */,
				AE4002533174316FAE3274D6 /* LifeRules.swift */,
				2EADA515B59EC9ABA10B19F9 /* LivingAnalysisRules.swift */,
				D2AAB75EDFEC0064219E57D4 /* PageRules.swift */,
				E3EDB1BAC65E07DA7319F3C6 /* PhysicalGearCraftingRules.swift */,
				CB3C5DA8117A704E44B23C91 /* PressureRules.swift */,
				D5A56C2CA4EF6B5366F86828 /* SiteRules.swift */,
				BDFF9A08573788622472DB26 /* SmithRules.swift */,
				AF13E2576281E76FA92CD685 /* StationStaffingRules.swift */,
				1FD618ABD859C8D8097F3DC0 /* TerrainRules.swift */,
				DB0490C36229CF9D49D6695F /* TutorialRules.swift */,
				541026CEC51423252ED5FAFD /* WorldConstraints.swift */,
				8946B89F914D32DABAC53D5A /* Worldgen.swift */,
				8DB361F4E36998C9A7F31A44 /* WorldRules.swift */,
			);
			path = Rules;
			sourceTree = "<group>";
		};
		3932813B1167C98D17014759 /* App */ = {
			isa = PBXGroup;
			children = (
				867ADA7C98334AD5152A4937 /* AppRoute.swift */,
				76338986776C016E4422759E /* BookbinderApp.swift */,
				1F045A414F1C1CF9A9A916BB /* RootView.swift */,
				CFFBF656255758DFA8E45232 /* Theme.swift */,
			);
			path = App;
			sourceTree = "<group>";
		};
		39C6FBD1D202B7D606A25E39 /* Content */ = {
			isa = PBXGroup;
			children = (
				95750F5CE1A87553D5246112 /* Data */,
				4924ECCC22AE9125898B039F /* CombatTreeModels.swift */,
				D12B3DBAA05B509156F44C42 /* ContentCatalog.swift */,
				C5B08032B70636FB2D70EFD6 /* ContentModels.swift */,
				2227C9E0E4E333249CF7FEFA /* ContradictionModels.swift */,
				0F66F95CC3FEA4D5E13AE410 /* DescriptionModels.swift */,
				7042744B96D260184BBE32F3 /* PressureModels.swift */,
				EFEB95F304073E45D3BB22FB /* QualifierModels.swift */,
				CCE50821478C20EB43E2E3C4 /* ResearchModels.swift */,
				A4DA32364644741F03829592 /* SiteModels.swift */,
				69C03E6819177D7EABE894A3 /* TravellerModels.swift */,
			);
			path = Content;
			sourceTree = "<group>";
		};
		3D392DB4F9B9CD74CF43A670 /* Screens */ = {
			isa = PBXGroup;
			children = (
				4FEC07E6110ABED3DA33EA3B /* ApothecaryView.swift */,
				346EEEC616B8EBFE291C4A79 /* BaseView.swift */,
				2C2AEBC30A9B7C63053F8A0F /* BestiaryView.swift */,
				B9CABEB714204FCBDE32F8E4 /* BlacksmithView.swift */,
				B213D165D2239B2A934DB263 /* CombatTreeView.swift */,
				BE933E91275B1FF990B69BAA /* EncounterView.swift */,
				E5F6F843AB65D2D26E6F5A56 /* FirepitView.swift */,
				1EEBBF5F9C846FD07202D739 /* GambitEditorView.swift */,
				F1B71324BA8EC6B7B6732500 /* GearView.swift */,
				2CBCB8652F20B361959F9B5C /* LibraryView.swift */,
				9BE7FAE39BDF3B01C8F7B497 /* LivingAnalysisView.swift */,
				CD5B65B248A4645C422FEA0D /* LootDecisionView.swift */,
				D238962CB9F8B60B212D9473 /* MinimapView.swift */,
				39D5618B6B6F36DB62CD836B /* PageGridView.swift */,
				3B6F502E8B3B230294A2874A /* PartyRosterView.swift */,
				36DEAE589721D10BEDE5AEC8 /* PreviewPanel.swift */,
				56CE9E9A2ED4242F8C480AEF /* ResearchTreeLayout.swift */,
				1E0CB601F15811CBB11B5B39 /* ResearchViews.swift */,
				D5930D2370BEDE3BBE896275 /* RuleBuilderView.swift */,
				14E466EEC3518F71FDD38EE9 /* RuneGlyph.swift */,
				8FC5961B006C6E0FA2B8EDBC /* SettingsView.swift */,
				03BEF52A08A939AAFB2CF800 /* SpendingViews.swift */,
				2C9C43310A7E6D0342B11251 /* StationViews.swift */,
				D08A668BC1215643DD63B178 /* TravellerMeetingView.swift */,
				F04D876D78710D8DC1CAB2BE /* TutorialCard.swift */,
				0212875D2B95EA338E16F0B2 /* WorldDescriptionPanel.swift */,
				A51F4BCA8A3D72D7B108E2E1 /* WorldHistoryView.swift */,
				D9311ACC91B2E555993A3297 /* WorldView.swift */,
				C82ADF2ABC4F75679DADCCBB /* WritingDeskView.swift */,
			);
			path = Screens;
			sourceTree = "<group>";
		};
		45223024247727E345FE8AC7 = {
			isa = PBXGroup;
			children = (
				BC0CE529F9D43490953E09A0 /* Sources */,
				AD5AD96F34050F6073DCC407 /* Support */,
				D1F197F56457F06C0D463B6A /* Tests */,
				86D3F0D811C9C291D68E4FB1 /* Products */,
			);
			sourceTree = "<group>";
		};
		4DD13C27AAD6A718AC4C8188 /* Persistence */ = {
			isa = PBXGroup;
			children = (
				86093A93DD9720F92E4148D5 /* GameStore.swift */,
				9142092437E5652D87187DF8 /* Migrations.swift */,
				AE7F491C849679A2428073CA /* SaveFileIO.swift */,
			);
			path = Persistence;
			sourceTree = "<group>";
		};
		86D3F0D811C9C291D68E4FB1 /* Products */ = {
			isa = PBXGroup;
			children = (
				433D570D177BA9841C75DCF9 /* Bookbinder.app */,
				3CD59EA0991C7AFB32B3129C /* BookbinderTests.xctest */,
			);
			name = Products;
			sourceTree = "<group>";
		};
		93D5D2485D2B656019C0DEAB /* Model */ = {
			isa = PBXGroup;
			children = (
				B664EB59C95581C3098E542B /* BaseState.swift */,
				9DB4AFF044956272A3767B70 /* Character.swift */,
				0BD3736ADDC83B6481EFAC9A /* Combat.swift */,
				41571D49472E12EE120FF5A8 /* CreatureIdentity.swift */,
				F308F3AB5ABAC31BC6DE4938 /* CreatureTraits.swift */,
				8ADC03C0E941B354BFE2EF65 /* Discovery.swift */,
				FC12BB34DF703B3AFF600656 /* FloraIdentity.swift */,
				B4E29CCF27C6C3CDFCED5311 /* FloraTraits.swift */,
				79874A74B2CF52DA90868DA0 /* Gambit.swift */,
				04E110F7C0AF0739241A8F94 /* GameState.swift */,
				5F756C7CBAE86A8565FB12DD /* Inventory.swift */,
				504332712854230587940F0A /* Library.swift */,
				AAF377477B4C3C3D11698D3F /* Materials.swift */,
				A501ADE475726C1A73D812A2 /* Naming.swift */,
				B543B94C8E89980FDE029D9C /* Page.swift */,
				CAAA1B171F7C380229C20CC5 /* RealityState.swift */,
				3358F9F069CEED67DA33294D /* Sigil.swift */,
				C90EDFFDB627C51117ADED0E /* TutorialState.swift */,
				7B20DAF90C2684826A3C3F21 /* WorldMap.swift */,
				4FF0BDCB9C9FD9D726EB1BA9 /* WorldsState.swift */,
			);
			path = Model;
			sourceTree = "<group>";
		};
		95750F5CE1A87553D5246112 /* Data */ = {
			isa = PBXGroup;
			children = (
				FD2CA32A5090B2067ABD22C0 /* combat_trees.json */,
				DD0C594698AE7E6D06191449 /* constellation.json */,
				9C7793CAA2915E078E230E6D /* contradictions.json */,
				5FD331CEC89F930A1F99C13B /* creatures.json */,
				9F9F6F9740167F61E0AD0158 /* descriptions.json */,
				6AE18B24DF2998D5D65F61D0 /* gambit_components.json */,
				89776C411F7BC83CF86396E9 /* items.json */,
				A29A4F3CFC9073B8F80064F4 /* pressure_sources.json */,
				26FE0502F98B3DB6A7BF0C87 /* pressure_targets.json */,
				283E3D55623002C01AF8AF98 /* qualifiers.json */,
				6A1D054604B637EEC90D24DA /* research.json */,
				0486776A4EED6E508F843FB3 /* resources.json */,
				68BD0EED52655859C21A0136 /* rune_shapes.json */,
				77957A7595BE1E25AC8CF406 /* sites.json */,
				2C4E5B7DC86948834FDAFFF9 /* skills.json */,
				59F1E2A3A08364F9452A684F /* stations.json */,
				A4270CCCF203CAA8859A086B /* symbols.json */,
				5D960FCB6727D86D57A82BF4 /* travellers.json */,
			);
			path = Data;
			sourceTree = "<group>";
		};
		A33960F81279CE644315A371 /* Core */ = {
			isa = PBXGroup;
			children = (
				E19DC1448710810CD318671E /* Identifiers.swift */,
				7294A9FAF1EE19D44BD7C56D /* SeededRNG.swift */,
			);
			path = Core;
			sourceTree = "<group>";
		};
		AD5AD96F34050F6073DCC407 /* Support */ = {
			isa = PBXGroup;
			children = (
				FBE911A8A2C4D05D38EF6192 /* Signing.xcconfig */,
			);
			path = Support;
			sourceTree = "<group>";
		};
		BC0CE529F9D43490953E09A0 /* Sources */ = {
			isa = PBXGroup;
			children = (
				3932813B1167C98D17014759 /* App */,
				39C6FBD1D202B7D606A25E39 /* Content */,
				A33960F81279CE644315A371 /* Core */,
				EF3B2790522C361A5A9CEF04 /* Debug */,
				93D5D2485D2B656019C0DEAB /* Model */,
				4DD13C27AAD6A718AC4C8188 /* Persistence */,
				21AAB30585002EFE1DBBC7F6 /* Rules */,
				3D392DB4F9B9CD74CF43A670 /* Screens */,
				644939D61FCF530C40392FCC /* Tuning.swift */,
			);
			path = Sources;
			sourceTree = "<group>";
		};
		D1F197F56457F06C0D463B6A /* Tests */ = {
			isa = PBXGroup;
			children = (
				01DD7C9C85D04883D2042EFF /* Fixtures */,
				CA9D12FE35D80EBAAD321DB4 /* ApexTests.swift */,
				29C0E5CEA72598582B970714 /* ArmouryTests.swift */,
				74D9F704438225E8CFD8268D /* BestiaryTests.swift */,
				7582647B2841DB69559E3968 /* BookRulesTests.swift */,
				53634CFCB3CD23CDD115C001 /* ChasmTests.swift */,
				F395689728B586E0D0A7CD61 /* CombatTests.swift */,
				E50FD84F29FE6729623D70EB /* CombatTreeTests.swift */,
				BDD17B2922EA6A0230E9DC64 /* ConsumableCraftingTests.swift */,
				7691C0625AD4AACD2BA46A20 /* ContentTests.swift */,
				F43DADDF1091E89318A12B0D /* ContradictionTests.swift */,
				1824E6BFD5550AACCB6416A5 /* DangerTests.swift */,
				D3EB5122AA82F1610E51A10F /* DescriptionTests.swift */,
				C51FE4FBAB98280181089C56 /* DeterminismTests.swift */,
				6782235BDB0189FF9A0FFE41 /* EconomyTests.swift */,
				961E1AC7BEB7E7C4C243CAD1 /* ExclusivityTests.swift */,
				DB87254230F32E20320932D7 /* FloraTests.swift */,
				C09AD15A5BFBBBD300176004 /* GearAndRulesTests.swift */,
				6A76948555AB0C3BF0F480FF /* GearMigrationTests.swift */,
				BDFAE95092D158944E000B02 /* GrammarTests.swift */,
				8B8A444C3FE08E6935849BA8 /* InstrumentCraftingTests.swift */,
				782AA9BD3C2F5ECE4D38436E /* InstrumentTests.swift */,
				80DFFB14B396FE04A7C03E01 /* LibraryTests.swift */,
				7A7229E243E5EB4700C03C4A /* LifeTests.swift */,
				E14C42A31CF4E0C858F212BF /* MaterialTests.swift */,
				D56058E017000066A61CD5F0 /* NamingTests.swift */,
				FF7811775C7058B692E07EB1 /* PageTests.swift */,
				606F9667A67D771D03320DDA /* PersistenceTests.swift */,
				A01228DC87E3A479A661D525 /* PhysicalGearCraftingTests.swift */,
				B23878A2219B30C376009246 /* PressuresDriveGenerationTests.swift */,
				64F1E5BF56652C658BFF5484 /* PressureTests.swift */,
				E87D049B2DF2A90A21B3729E /* ReachableContentTests.swift */,
				E615DD7D8BEAA7A4E5EB939E /* ResourceSpreadTests.swift */,
				83F481D57E05D77B109D44FC /* SaveToleranceTests.swift */,
				E1BB569F0B672F268545701C /* SiteTests.swift */,
				FB6C54531684DE111C33038A /* SmithTests.swift */,
				C110827C995BC018EA20B47F /* SpilloverTests.swift */,
				75F880A764AED5BABB194953 /* StackingTests.swift */,
				A994CD6D435E84CB0C58E988 /* StationStaffingTests.swift */,
				F7E8A2DF6BF1E7AB1B5B574C /* TerrainTests.swift */,
				0DA805AE9804EFB6621B7166 /* TutorialTests.swift */,
				BD8610CC37F5AB36E0846FCD /* VocabularyTests.swift */,
				0EF2B3DBADEF32F2DE2B00DE /* WeaponsmithTests.swift */,
				9A91FFF6BF680BAFC6742249 /* WorldScaleAndNightTests.swift */,
				6430D823936296B085FA9EBA /* WorldTests.swift */,
			);
			path = Tests;
			sourceTree = "<group>";
		};
		EF3B2790522C361A5A9CEF04 /* Debug */ = {
			isa = PBXGroup;
			children = (
				248394713D4F19F950F25B92 /* HarnessActions.swift */,
				6638830B7B5223E3065252FC /* HarnessView.swift */,
			);
			path = Debug;
			sourceTree = "<group>";
		};
/* End PBXGroup section */

/* Begin PBXNativeTarget section */
		B6E2D2D9A52661EB6706EB29 /* BookbinderTests */ = {
			isa = PBXNativeTarget;
			buildConfigurationList = 601703FB88DE8F854E614D81 /* Build configuration list for PBXNativeTarget "BookbinderTests" */;
			buildPhases = (
				FF96F4E350962A659F318514 /* Sources */,
				AE039BC3019C0F947DD0B411 /* Resources */,
			);
			buildRules = (
			);
			dependencies = (
				975734151BE1751C90C00E59 /* PBXTargetDependency */,
			);
			name = BookbinderTests;
			packageProductDependencies = (
			);
			productName = BookbinderTests;
			productReference = 3CD59EA0991C7AFB32B3129C /* BookbinderTests.xctest */;
			productType = "com.apple.product-type.bundle.unit-test";
		};
		CF0593DC0240C3C51FDC7CAE /* Bookbinder */ = {
			isa = PBXNativeTarget;
			buildConfigurationList = D12ACBC9C3AA63A284E68D97 /* Build configuration list for PBXNativeTarget "Bookbinder" */;
			buildPhases = (
				509F16D3D09C39C6391DEF93 /* Sources */,
				F9EB483A0C481DEB209626BD /* Resources */,
			);
			buildRules = (
			);
			dependencies = (
			);
			name = Bookbinder;
			packageProductDependencies = (
			);
			productName = Bookbinder;
			productReference = 433D570D177BA9841C75DCF9 /* Bookbinder.app */;
			productType = "com.apple.product-type.application";
		};
/* End PBXNativeTarget section */

/* Begin PBXProject section */
		113BE4D4962AE50D53EE734C /* Project object */ = {
			isa = PBXProject;
			attributes = {
				BuildIndependentTargetsInParallel = YES;
				LastUpgradeCheck = 1430;
				TargetAttributes = {
					CF0593DC0240C3C51FDC7CAE = {
						DevelopmentTeam = CQ892K6L4F;
						ProvisioningStyle = Automatic;
					};
				};
			};
			buildConfigurationList = 17BB367B4532D3FC3DB15CB5 /* Build configuration list for PBXProject "Bookbinder" */;
			compatibilityVersion = "Xcode 14.0";
			developmentRegion = en;
			hasScannedForEncodings = 0;
			knownRegions = (
				Base,
				en,
			);
			mainGroup = 45223024247727E345FE8AC7;
			minimizedProjectReferenceProxies = 1;
			preferredProjectObjectVersion = 77;
			projectDirPath = "";
			projectRoot = "";
			targets = (
				CF0593DC0240C3C51FDC7CAE /* Bookbinder */,
				B6E2D2D9A52661EB6706EB29 /* BookbinderTests */,
			);
		};
/* End PBXProject section */

/* Begin PBXResourcesBuildPhase section */
		AE039BC3019C0F947DD0B411 /* Resources */ = {
			isa = PBXResourcesBuildPhase;
			buildActionMask = 2147483647;
			files = (
				4961D037BE2924DF53722EA8 /* save-pre-sites-2026-08-04.json in Resources */,
			);
			runOnlyForDeploymentPostprocessing = 0;
		};
		F9EB483A0C481DEB209626BD /* Resources */ = {
			isa = PBXResourcesBuildPhase;
			buildActionMask = 2147483647;
			files = (
				583140A5C38A586267218BC1 /* combat_trees.json in Resources */,
				5B91181B627494D599038230 /* constellation.json in Resources */,
				4FD1E53B0D4C2E67BB48FEE9 /* contradictions.json in Resources */,
				C709E6D127F96D2420ADBC5C /* creatures.json in Resources */,
				260B2ACBF0A66A2DBA4E1813 /* descriptions.json in Resources */,
				E412FF242D7E09BD9DBB75E8 /* gambit_components.json in Resources */,
				DDBFEBACC92B746BC023CF6D /* items.json in Resources */,
				1BDE5DBB7E79B5D05413B0FE /* pressure_sources.json in Resources */,
				28C38A9B1F4133012F86F0AA /* pressure_targets.json in Resources */,
				C8B16AD5D3CDC5B67BE7E320 /* qualifiers.json in Resources */,
				4C60516FFB5892091CBE28AC /* research.json in Resources */,
				8725C08D01F1574C306CFC5D /* resources.json in Resources */,
				8C88D2C21DA68452155D8172 /* rune_shapes.json in Resources */,
				AA467E2DFFB389EFACA3B124 /* sites.json in Resources */,
				0A77177F80047BBE6CD74591 /* skills.json in Resources */,
				2AAA4E398F09BD29BAD7816B /* stations.json in Resources */,
				94381815D9D6D36F24168B83 /* symbols.json in Resources */,
				CFFD06DFE407E96C28AB6464 /* travellers.json in Resources */,
			);
			runOnlyForDeploymentPostprocessing = 0;
		};
/* End PBXResourcesBuildPhase section */

/* Begin PBXSourcesBuildPhase section */
		509F16D3D09C39C6391DEF93 /* Sources */ = {
			isa = PBXSourcesBuildPhase;
			buildActionMask = 2147483647;
			files = (
				95D1663E471A6098FA803AA9 /* ApexRules.swift in Sources */,
				C0DF70F3E5A568FA53603AE1 /* ApothecaryView.swift in Sources */,
				03705DB034E250EE8C9A5A0B /* AppRoute.swift in Sources */,
				8E1AFCB6CD0FBDD0EA84B800 /* ArmouryRules.swift in Sources */,
				601014E078036FCE48CDAF06 /* BaseState.swift in Sources */,
				6FDB8C79745125AEC66E0C4C /* BaseView.swift in Sources */,
				8F6B0EF541120D379B1FD06B /* BestiaryRules.swift in Sources */,
				3F566ECFBA89D9C89BF6CD76 /* BestiaryView.swift in Sources */,
				2977BFA154F4613F7B75EF67 /* BlacksmithView.swift in Sources */,
				776E19C048AB14D539E2ABC3 /* BookProjection.swift in Sources */,
				15B201231C024A3C01DBA20A /* BookRules.swift in Sources */,
				890774F4FCDF3A9DAE6BEFDD /* BookbinderApp.swift in Sources */,
				C9ED9DB51CD49A2457B00B7D /* ButcheryRules.swift in Sources */,
				EBC7C77E4438C75730F0DCCA /* Character.swift in Sources */,
				3C4C4E838448237D91492B61 /* CharacterRules.swift in Sources */,
				3062AB49BB5A3BBCC3A396BD /* Combat.swift in Sources */,
				BE5D3BC36C9F1D8030CFEE81 /* CombatRules.swift in Sources */,
				E0C67C543BF911F3F58A0C80 /* CombatTreeModels.swift in Sources */,
				3333DDA45D780B04AC00F1C2 /* CombatTreeRules.swift in Sources */,
				04A394B9CE1582C902CDEFB2 /* CombatTreeView.swift in Sources */,
				DFD7015BF47869ECBCD4BD4B /* ConsumableCraftingRules.swift in Sources */,
				859010F2D3881FC03F57205F /* ContentCatalog.swift in Sources */,
				F9A1322571DBD99F4BF908CB /* ContentModels.swift in Sources */,
				E03430D101A162FC1F36A8B1 /* ContradictionModels.swift in Sources */,
				54180CF9C6CE41FEA6C57B60 /* ContradictionRules.swift in Sources */,
				25C21801E523BEA88A932F39 /* CreatureIdentity.swift in Sources */,
				01649DA229D4F9B920409CF5 /* CreatureTraits.swift in Sources */,
				202BE6BB0588B2D4A952B195 /* DescriptionModels.swift in Sources */,
				88FE2CE83B5A38BE19B335BF /* DescriptionRules.swift in Sources */,
				CD009883298233F654EE899C /* Discovery.swift in Sources */,
				A0E08F8449F633B86AA0FF7A /* DistilleryRules.swift in Sources */,
				D9F83617E1060D93E281682F /* EconomyRules.swift in Sources */,
				2228B642DF268D4AC3E4428C /* EncounterView.swift in Sources */,
				216755285A99AB45B7D20AC8 /* FirepitView.swift in Sources */,
				D92638E617D1112D35CB91FE /* FloraIdentity.swift in Sources */,
				EC72C457E782ECD4C84D0AD5 /* FloraRules.swift in Sources */,
				CD6AF5617D9100E2DC8A1302 /* FloraTraits.swift in Sources */,
				35A27AF646DD34DD1F8A9585 /* Gambit.swift in Sources */,
				2C0118338DCCD9231D0DE4D0 /* GambitEditorView.swift in Sources */,
				E0B21F8C88F40A6B7F9E8212 /* GambitEngine.swift in Sources */,
				893B4E338D412AE9D298E4A4 /* GameActions+Combat.swift in Sources */,
				19C9DFC5BC904175AC32B894 /* GameActions+Economy.swift in Sources */,
				D4DE88F2BA8D93E6307B66A6 /* GameActions+World.swift in Sources */,
				3939EA44678C9E3D7CE7FF86 /* GameActions.swift in Sources */,
				BFB3CF53CC01D5CED466B0C9 /* GameState.swift in Sources */,
				AD06A15C582B042710CEED9F /* GameStore.swift in Sources */,
				EAB84410DBECDF38B16E452B /* GearView.swift in Sources */,
				4DEB17BC13834B4612226A7B /* HarnessActions.swift in Sources */,
				983452CD1EE2126ECB5B1973 /* HarnessView.swift in Sources */,
				E90526D391BEDFC1166DCE96 /* Identifiers.swift in Sources */,
				418BB336925FB2B4F0A0BD1C /* InstrumentCraftingRules.swift in Sources */,
				4A0672467AD72629AC2ABD2F /* Inventory.swift in Sources */,
				F3BBDF3F527FAD220FA4F5D8 /* Library.swift in Sources */,
				332407592859288828CA4B63 /* LibraryRules.swift in Sources */,
				AAFAB01A37942E4A425FE909 /* LibraryView.swift in Sources */,
				AEBED915A9156084389B1BD6 /* LifeRules.swift in Sources */,
				69FCE6C7088A60DA6EF29039 /* LivingAnalysisRules.swift in Sources */,
				10FAF7D28B2984AD85FBEB44 /* LivingAnalysisView.swift in Sources */,
				CF22F5AA092E017612B1124E /* LootDecisionView.swift in Sources */,
				3C489CD6B833D6CBC9F6DD43 /* Materials.swift in Sources */,
				A30BFB516414E49CB79270EF /* Migrations.swift in Sources */,
				10EA98516A8B4CB4C9379D71 /* MinimapView.swift in Sources */,
				4419D5E216F811B6E590C273 /* Naming.swift in Sources */,
				B3127BCE033E785E4B3EA912 /* Page.swift in Sources */,
				A7B958AF227E4AD7A6E2E900 /* PageGridView.swift in Sources */,
				F9A397FEF26E5A194578909E /* PageRules.swift in Sources */,
				F1FD0C88EB8BB5568F3725C3 /* PartyRosterView.swift in Sources */,
				B711CA1EAFFCEBB62204C170 /* PhysicalGearCraftingRules.swift in Sources */,
				87DF0AB9EB7842560291C8A3 /* PressureModels.swift in Sources */,
				CC74E6778320FB4F70CFDB3F /* PressureRules.swift in Sources */,
				E7C947F1BFF84DDAE9B61761 /* PreviewPanel.swift in Sources */,
				A6C910C0BD0B249F3AE3B0AE /* QualifierModels.swift in Sources */,
				0463A21CD6D0C85974C64C81 /* RealityState.swift in Sources */,
				51771CB66B64C405544B0B87 /* ResearchModels.swift in Sources */,
				4EC3BC573F0634FE82377139 /* ResearchTreeLayout.swift in Sources */,
				01E64B915C4AC1BE0A72A935 /* ResearchViews.swift in Sources */,
				8D526864C54EBC0CB6BDC575 /* RootView.swift in Sources */,
				EFB68320FEF123CBC8309B55 /* RuleBuilderView.swift in Sources */,
				2591F7421F2C4F2789790209 /* RuneGlyph.swift in Sources */,
				FAEB06BFBE5764791F188FF3 /* SaveFileIO.swift in Sources */,
				7334C8A4D81258A4C7FA0885 /* SeededRNG.swift in Sources */,
				758EC3D9F7314C4018C089B9 /* SettingsView.swift in Sources */,
				DB65DB08F102D87DE2D51956 /* Sigil.swift in Sources */,
				40CDA99CD7F4DFF60EC0EBBB /* SiteModels.swift in Sources */,
				12DA6127DA1CEF02D5108CE9 /* SiteRules.swift in Sources */,
				C7B3F65E25299A2524857544 /* SmithRules.swift in Sources */,
				3FD60BA9683F245EBFA14D61 /* SpendingViews.swift in Sources */,
				B4A71AFB4A613C6430C0F185 /* StationStaffingRules.swift in Sources */,
				0573EFC73887107DB190A9DF /* StationViews.swift in Sources */,
				6C90C6B086284BE1533023D2 /* TerrainRules.swift in Sources */,
				A901EE2297DFB40E48663457 /* Theme.swift in Sources */,
				2133F8A2A985268991F782B5 /* TravellerMeetingView.swift in Sources */,
				0D0B63ACE19B51E89D5321F8 /* TravellerModels.swift in Sources */,
				52C1E5841A22ED23AA8245DF /* Tuning.swift in Sources */,
				4DF0996EC98043C87E142EDA /* TutorialCard.swift in Sources */,
				9ED1CF08BE9C9FCEE89BFAB9 /* TutorialRules.swift in Sources */,
				F6BFEA449969C175D779E930 /* TutorialState.swift in Sources */,
				2651CFD69611A045AB93B2C7 /* WorldConstraints.swift in Sources */,
				88FF4649E14551AB79BE82CB /* WorldDescriptionPanel.swift in Sources */,
				9F5DC7673BF8A93B1EF8ED6B /* WorldHistoryView.swift in Sources */,
				D469496DC882C482CB83E721 /* WorldMap.swift in Sources */,
				5BAABA4D069D949BB71CA216 /* WorldRules.swift in Sources */,
				635C2692AD380102590270C3 /* WorldView.swift in Sources */,
				56C2C67D2033B74FFD18EE24 /* Worldgen.swift in Sources */,
				3F6C7DB75723783F90E7E5F8 /* WorldsState.swift in Sources */,
				3E24E2D2D2BEAD60ADE93D0A /* WritingDeskView.swift in Sources */,
			);
			runOnlyForDeploymentPostprocessing = 0;
		};
		FF96F4E350962A659F318514 /* Sources */ = {
			isa = PBXSourcesBuildPhase;
			buildActionMask = 2147483647;
			files = (
				3A849B10B8A116F089F9D49C /* ApexTests.swift in Sources */,
				76925351AE69BDEB01BA072D /* ArmouryTests.swift in Sources */,
				52A3E7BA47AED80B02C9FFDA /* BestiaryTests.swift in Sources */,
				030C56592AEBBE7776435964 /* BookRulesTests.swift in Sources */,
				F6AE3DF4E00E397B950A1CBC /* ChasmTests.swift in Sources */,
				EB5A7F017737E52E163C9A5C /* CombatTests.swift in Sources */,
				9CB21084FFC26A6CCB93F47E /* CombatTreeTests.swift in Sources */,
				28A3F307CF0659FDF0163BA9 /* ConsumableCraftingTests.swift in Sources */,
				867F278950814C3D859CEAFD /* ContentTests.swift in Sources */,
				7C72DAD4C55C0D916064E912 /* ContradictionTests.swift in Sources */,
				4282AFE6E27E4C97C0EEAEAA /* DangerTests.swift in Sources */,
				6D8D7D57D683FAA42DFD1B9F /* DescriptionTests.swift in Sources */,
				EDF26461D4FD581D2BCFBB0A /* DeterminismTests.swift in Sources */,
				7345ED98F77854AE5C6FFB34 /* EconomyTests.swift in Sources */,
				804C3EA48958EDEA3E234F95 /* ExclusivityTests.swift in Sources */,
				91761E73D4647CB7D2741D93 /* FloraTests.swift in Sources */,
				4F7559D592DAED143B8AEF88 /* GearAndRulesTests.swift in Sources */,
				EE5BFC9FE59245B9FD396EDB /* GearMigrationTests.swift in Sources */,
				A81656D157A597344E823340 /* GrammarTests.swift in Sources */,
				09C34648DD52FD6A92404726 /* InstrumentCraftingTests.swift in Sources */,
				4ACDDD4EBDA5E3DA0229186A /* InstrumentTests.swift in Sources */,
				DEB5615945275C75236426AD /* LibraryTests.swift in Sources */,
				A94D38590FAA36B2D274214B /* LifeTests.swift in Sources */,
				BCB44A183A64B987C97BC1EA /* MaterialTests.swift in Sources */,
				9F43622A2E66874204BCCDC7 /* NamingTests.swift in Sources */,
				AC3C0F06CB2BD3D9A9917BA1 /* PageTests.swift in Sources */,
				0290A7D4A5E8A5E8516E171E /* PersistenceTests.swift in Sources */,
				39EB7F728697D5247C1E39F2 /* PhysicalGearCraftingTests.swift in Sources */,
				AC84C9DF64921B883263CEA5 /* PressureTests.swift in Sources */,
				6755D6482AEAD387A810DBBD /* PressuresDriveGenerationTests.swift in Sources */,
				D80F4645CCFCE0956CFBB33B /* ReachableContentTests.swift in Sources */,
				7E1510A232B5B85DC5990C3F /* ResourceSpreadTests.swift in Sources */,
				FD37C3AEB89A41F874759D37 /* SaveToleranceTests.swift in Sources */,
				5BA053D5F38A0AE4F9E782C3 /* SiteTests.swift in Sources */,
				F6E366378F5921F9B9EFF410 /* SmithTests.swift in Sources */,
				2849825A00283A75E65E3C88 /* SpilloverTests.swift in Sources */,
				D70BCC3356D30C3EC0FFA587 /* StackingTests.swift in Sources */,
				5C566924739958DDBD8FBFF9 /* StationStaffingTests.swift in Sources */,
				5DEF7F6C69BC916C96535B2D /* TerrainTests.swift in Sources */,
				45B359C084C6F5A35C69529A /* TutorialTests.swift in Sources */,
				01A65B5074EBFC458F077A59 /* VocabularyTests.swift in Sources */,
				C70E08A04DE0584580A4800F /* WeaponsmithTests.swift in Sources */,
				66727C83C77239282A12ADBC /* WorldScaleAndNightTests.swift in Sources */,
				11BD659A05151A43A4F78554 /* WorldTests.swift in Sources */,
			);
			runOnlyForDeploymentPostprocessing = 0;
		};
/* End PBXSourcesBuildPhase section */

/* Begin PBXTargetDependency section */
		975734151BE1751C90C00E59 /* PBXTargetDependency */ = {
			isa = PBXTargetDependency;
			target = CF0593DC0240C3C51FDC7CAE /* Bookbinder */;
			targetProxy = AFED8584D562A77304F539C7 /* PBXContainerItemProxy */;
		};
/* End PBXTargetDependency section */

/* Begin XCBuildConfiguration section */
		35ADE50D4B6FE7AC7C1C626B /* Debug */ = {
			isa = XCBuildConfiguration;
			buildSettings = {
				ALWAYS_SEARCH_USER_PATHS = NO;
				CLANG_ANALYZER_NONNULL = YES;
				CLANG_ANALYZER_NUMBER_OBJECT_CONVERSION = YES_AGGRESSIVE;
				CLANG_CXX_LANGUAGE_STANDARD = "gnu++14";
				CLANG_CXX_LIBRARY = "libc++";
				CLANG_ENABLE_MODULES = YES;
				CLANG_ENABLE_OBJC_ARC = YES;
				CLANG_ENABLE_OBJC_WEAK = YES;
				CLANG_WARN_BLOCK_CAPTURE_AUTORELEASING = YES;
				CLANG_WARN_BOOL_CONVERSION = YES;
				CLANG_WARN_COMMA = YES;
				CLANG_WARN_CONSTANT_CONVERSION = YES;
				CLANG_WARN_DEPRECATED_OBJC_IMPLEMENTATIONS = YES;
				CLANG_WARN_DIRECT_OBJC_ISA_USAGE = YES_ERROR;
				CLANG_WARN_DOCUMENTATION_COMMENTS = YES;
				CLANG_WARN_EMPTY_BODY = YES;
				CLANG_WARN_ENUM_CONVERSION = YES;
				CLANG_WARN_INFINITE_RECURSION = YES;
				CLANG_WARN_INT_CONVERSION = YES;
				CLANG_WARN_NON_LITERAL_NULL_CONVERSION = YES;
				CLANG_WARN_OBJC_IMPLICIT_RETAIN_SELF = YES;
				CLANG_WARN_OBJC_LITERAL_CONVERSION = YES;
				CLANG_WARN_OBJC_ROOT_CLASS = YES_ERROR;
				CLANG_WARN_QUOTED_INCLUDE_IN_FRAMEWORK_HEADER = YES;
				CLANG_WARN_RANGE_LOOP_ANALYSIS = YES;
				CLANG_WARN_STRICT_PROTOTYPES = YES;
				CLANG_WARN_SUSPICIOUS_MOVE = YES;
				CLANG_WARN_UNGUARDED_AVAILABILITY = YES_AGGRESSIVE;
				CLANG_WARN_UNREACHABLE_CODE = YES;
				CLANG_WARN__DUPLICATE_METHOD_MATCH = YES;
				COPY_PHASE_STRIP = NO;
				DEAD_CODE_STRIPPING = YES;
				DEBUG_INFORMATION_FORMAT = dwarf;
				ENABLE_STRICT_OBJC_MSGSEND = YES;
				ENABLE_TESTABILITY = YES;
				ENABLE_USER_SCRIPT_SANDBOXING = YES;
				GCC_C_LANGUAGE_STANDARD = gnu11;
				GCC_DYNAMIC_NO_PIC = NO;
				GCC_NO_COMMON_BLOCKS = YES;
				GCC_OPTIMIZATION_LEVEL = 0;
				GCC_PREPROCESSOR_DEFINITIONS = (
					"$(inherited)",
					"DEBUG=1",
				);
				GCC_WARN_64_TO_32_BIT_CONVERSION = YES;
				GCC_WARN_ABOUT_RETURN_TYPE = YES_ERROR;
				GCC_WARN_UNDECLARED_SELECTOR = YES;
				GCC_WARN_UNINITIALIZED_AUTOS = YES_AGGRESSIVE;
				GCC_WARN_UNUSED_FUNCTION = YES;
				GCC_WARN_UNUSED_VARIABLE = YES;
				IPHONEOS_DEPLOYMENT_TARGET = 17.0;
				MTL_ENABLE_DEBUG_INFO = INCLUDE_SOURCE;
				MTL_FAST_MATH = YES;
				ONLY_ACTIVE_ARCH = YES;
				PRODUCT_NAME = "$(TARGET_NAME)";
				SDKROOT = iphoneos;
				SWIFT_ACTIVE_COMPILATION_CONDITIONS = DEBUG;
				SWIFT_OPTIMIZATION_LEVEL = "-Onone";
				SWIFT_VERSION = 6.0;
			};
			name = Debug;
		};
		53AC9C86F01B03682314418E /* Release */ = {
			isa = XCBuildConfiguration;
			buildSettings = {
				BUNDLE_LOADER = "$(TEST_HOST)";
				GENERATE_INFOPLIST_FILE = YES;
				LD_RUNPATH_SEARCH_PATHS = (
					"$(inherited)",
					"@executable_path/Frameworks",
					"@loader_path/Frameworks",
				);
				PRODUCT_BUNDLE_IDENTIFIER = com.aimeepepper.bookbinder.tests;
				SDKROOT = iphoneos;
				TARGETED_DEVICE_FAMILY = "1,2";
				TEST_HOST = "$(BUILT_PRODUCTS_DIR)/Bookbinder.app/Bookbinder";
			};
			name = Release;
		};
		575C197AAA81291358FEC6CC /* Release */ = {
			isa = XCBuildConfiguration;
			baseConfigurationReference = FBE911A8A2C4D05D38EF6192 /* Signing.xcconfig */;
			buildSettings = {
				ASSETCATALOG_COMPILER_APPICON_NAME = AppIcon;
				CODE_SIGN_IDENTITY = "iPhone Developer";
				CODE_SIGN_STYLE = Automatic;
				CURRENT_PROJECT_VERSION = 1;
				GENERATE_INFOPLIST_FILE = NO;
				INFOPLIST_FILE = Support/Info.plist;
				LD_RUNPATH_SEARCH_PATHS = (
					"$(inherited)",
					"@executable_path/Frameworks",
				);
				MARKETING_VERSION = 0.1;
				PRODUCT_BUNDLE_IDENTIFIER = com.aimeepepper.bookbinder;
				PRODUCT_NAME = Bookbinder;
				SDKROOT = iphoneos;
				SWIFT_EMIT_LOC_STRINGS = YES;
				TARGETED_DEVICE_FAMILY = 1;
			};
			name = Release;
		};
		8A5914FF9FE181B940C85952 /* Release */ = {
			isa = XCBuildConfiguration;
			buildSettings = {
				ALWAYS_SEARCH_USER_PATHS = NO;
				CLANG_ANALYZER_NONNULL = YES;
				CLANG_ANALYZER_NUMBER_OBJECT_CONVERSION = YES_AGGRESSIVE;
				CLANG_CXX_LANGUAGE_STANDARD = "gnu++14";
				CLANG_CXX_LIBRARY = "libc++";
				CLANG_ENABLE_MODULES = YES;
				CLANG_ENABLE_OBJC_ARC = YES;
				CLANG_ENABLE_OBJC_WEAK = YES;
				CLANG_WARN_BLOCK_CAPTURE_AUTORELEASING = YES;
				CLANG_WARN_BOOL_CONVERSION = YES;
				CLANG_WARN_COMMA = YES;
				CLANG_WARN_CONSTANT_CONVERSION = YES;
				CLANG_WARN_DEPRECATED_OBJC_IMPLEMENTATIONS = YES;
				CLANG_WARN_DIRECT_OBJC_ISA_USAGE = YES_ERROR;
				CLANG_WARN_DOCUMENTATION_COMMENTS = YES;
				CLANG_WARN_EMPTY_BODY = YES;
				CLANG_WARN_ENUM_CONVERSION = YES;
				CLANG_WARN_INFINITE_RECURSION = YES;
				CLANG_WARN_INT_CONVERSION = YES;
				CLANG_WARN_NON_LITERAL_NULL_CONVERSION = YES;
				CLANG_WARN_OBJC_IMPLICIT_RETAIN_SELF = YES;
				CLANG_WARN_OBJC_LITERAL_CONVERSION = YES;
				CLANG_WARN_OBJC_ROOT_CLASS = YES_ERROR;
				CLANG_WARN_QUOTED_INCLUDE_IN_FRAMEWORK_HEADER = YES;
				CLANG_WARN_RANGE_LOOP_ANALYSIS = YES;
				CLANG_WARN_STRICT_PROTOTYPES = YES;
				CLANG_WARN_SUSPICIOUS_MOVE = YES;
				CLANG_WARN_UNGUARDED_AVAILABILITY = YES_AGGRESSIVE;
				CLANG_WARN_UNREACHABLE_CODE = YES;
				CLANG_WARN__DUPLICATE_METHOD_MATCH = YES;
				COPY_PHASE_STRIP = NO;
				DEAD_CODE_STRIPPING = YES;
				DEBUG_INFORMATION_FORMAT = "dwarf-with-dsym";
				ENABLE_NS_ASSERTIONS = NO;
				ENABLE_STRICT_OBJC_MSGSEND = YES;
				ENABLE_USER_SCRIPT_SANDBOXING = YES;
				GCC_C_LANGUAGE_STANDARD = gnu11;
				GCC_NO_COMMON_BLOCKS = YES;
				GCC_WARN_64_TO_32_BIT_CONVERSION = YES;
				GCC_WARN_ABOUT_RETURN_TYPE = YES_ERROR;
				GCC_WARN_UNDECLARED_SELECTOR = YES;
				GCC_WARN_UNINITIALIZED_AUTOS = YES_AGGRESSIVE;
				GCC_WARN_UNUSED_FUNCTION = YES;
				GCC_WARN_UNUSED_VARIABLE = YES;
				IPHONEOS_DEPLOYMENT_TARGET = 17.0;
				MTL_ENABLE_DEBUG_INFO = NO;
				MTL_FAST_MATH = YES;
				PRODUCT_NAME = "$(TARGET_NAME)";
				SDKROOT = iphoneos;
				SWIFT_COMPILATION_MODE = wholemodule;
				SWIFT_OPTIMIZATION_LEVEL = "-O";
				SWIFT_VERSION = 6.0;
			};
			name = Release;
		};
		91BAF41674AE73A40E40073C /* Debug */ = {
			isa = XCBuildConfiguration;
			buildSettings = {
				BUNDLE_LOADER = "$(TEST_HOST)";
				GENERATE_INFOPLIST_FILE = YES;
				LD_RUNPATH_SEARCH_PATHS = (
					"$(inherited)",
					"@executable_path/Frameworks",
					"@loader_path/Frameworks",
				);
				PRODUCT_BUNDLE_IDENTIFIER = com.aimeepepper.bookbinder.tests;
				SDKROOT = iphoneos;
				TARGETED_DEVICE_FAMILY = "1,2";
				TEST_HOST = "$(BUILT_PRODUCTS_DIR)/Bookbinder.app/Bookbinder";
			};
			name = Debug;
		};
		F6C045C1371714E19A4D5BD1 /* Debug */ = {
			isa = XCBuildConfiguration;
			baseConfigurationReference = FBE911A8A2C4D05D38EF6192 /* Signing.xcconfig */;
			buildSettings = {
				ASSETCATALOG_COMPILER_APPICON_NAME = AppIcon;
				CODE_SIGN_IDENTITY = "iPhone Developer";
				CODE_SIGN_STYLE = Automatic;
				CURRENT_PROJECT_VERSION = 1;
				GENERATE_INFOPLIST_FILE = NO;
				INFOPLIST_FILE = Support/Info.plist;
				LD_RUNPATH_SEARCH_PATHS = (
					"$(inherited)",
					"@executable_path/Frameworks",
				);
				MARKETING_VERSION = 0.1;
				PRODUCT_BUNDLE_IDENTIFIER = com.aimeepepper.bookbinder;
				PRODUCT_NAME = Bookbinder;
				SDKROOT = iphoneos;
				SWIFT_EMIT_LOC_STRINGS = YES;
				TARGETED_DEVICE_FAMILY = 1;
			};
			name = Debug;
		};
/* End XCBuildConfiguration section */

/* Begin XCConfigurationList section */
		17BB367B4532D3FC3DB15CB5 /* Build configuration list for PBXProject "Bookbinder" */ = {
			isa = XCConfigurationList;
			buildConfigurations = (
				35ADE50D4B6FE7AC7C1C626B /* Debug */,
				8A5914FF9FE181B940C85952 /* Release */,
			);
			defaultConfigurationIsVisible = 0;
			defaultConfigurationName = Debug;
		};
		601703FB88DE8F854E614D81 /* Build configuration list for PBXNativeTarget "BookbinderTests" */ = {
			isa = XCConfigurationList;
			buildConfigurations = (
				91BAF41674AE73A40E40073C /* Debug */,
				53AC9C86F01B03682314418E /* Release */,
			);
			defaultConfigurationIsVisible = 0;
			defaultConfigurationName = Debug;
		};
		D12ACBC9C3AA63A284E68D97 /* Build configuration list for PBXNativeTarget "Bookbinder" */ = {
			isa = XCConfigurationList;
			buildConfigurations = (
				F6C045C1371714E19A4D5BD1 /* Debug */,
				575C197AAA81291358FEC6CC /* Release */,
			);
			defaultConfigurationIsVisible = 0;
			defaultConfigurationName = Debug;
		};
/* End XCConfigurationList section */
	};
	rootObject = 113BE4D4962AE50D53EE734C /* Project object */;
}
